// !$*UTF8*$!
{
	archiveVersion = 1;
	classes = {
	};
	objectVersion = 45;
	objects = {

/* Begin PBXBuildFile section */
		09AED7E011FE4A820040A385 /* AssessmentTableViewController.m in Sources */ = {isa = PBXBuildFile; fileRef = 09AED7DE11FE4A820040A385 /* AssessmentTableViewController.m */; };
		09AED7E111FE4A820040A385 /* AssessmentTableView.xib in Resources */ = {isa = PBXBuildFile; fileRef = 09AED7DF11FE4A820040A385 /* AssessmentTableView.xib */; };
		09AED84011FF29760040A385 /* AssessmentTableViewCell.m in Sources */ = {isa = PBXBuildFile; fileRef = 09AED83F11FF29760040A385 /* AssessmentTableViewCell.m */; };
		09F0D04F12037D3900BD9631 /* TreeOverallRecommendation.m in Sources */ = {isa = PBXBuildFile; fileRef = 09F0D03012037D3900BD9631 /* TreeOverallRecommendation.m */; };
		09F0D05012037D3900BD9631 /* TreeFormRecommendation.m in Sources */ = {isa = PBXBuildFile; fileRef = 09F0D03212037D3900BD9631 /* TreeFormRecommendation.m */; };
		09F0D05112037D3900BD9631 /* TreeRootsCondition.m in Sources */ = {isa = PBXBuildFile; fileRef = 09F0D03412037D3900BD9631 /* TreeRootsCondition.m */; };
		09F0D05212037D3900BD9631 /* TreeRootFlareCondition.m in Sources */ = {isa = PBXBuildFile; fileRef = 09F0D03612037D3900BD9631 /* TreeRootFlareCondition.m */; };
		09F0D05312037D3900BD9631 /* Landscape.m in Sources */ = {isa = PBXBuildFile; fileRef = 09F0D03812037D3900BD9631 /* Landscape.m */; };
		09F0D05412037D3900BD9631 /* TreeOverallCondition.m in Sources */ = {isa = PBXBuildFile; fileRef = 09F0D03A12037D3900BD9631 /* TreeOverallCondition.m */; };
		09F0D05512037D3900BD9631 /* TreeCrownRecommendation.m in Sources */ = {isa = PBXBuildFile; fileRef = 09F0D03C12037D3900BD9631 /* TreeCrownRecommendation.m */; };
		09F0D05612037D3900BD9631 /* TreeRootFlareRecommendation.m in Sources */ = {isa = PBXBuildFile; fileRef = 09F0D03E12037D3900BD9631 /* TreeRootFlareRecommendation.m */; };
		09F0D05712037D3900BD9631 /* TreeTrunkCondition.m in Sources */ = {isa = PBXBuildFile; fileRef = 09F0D04012037D3900BD9631 /* TreeTrunkCondition.m */; };
		09F0D05812037D3900BD9631 /* Assessment.m in Sources */ = {isa = PBXBuildFile; fileRef = 09F0D04212037D3900BD9631 /* Assessment.m */; };
		09F0D05912037D3900BD9631 /* TreeRootsRecommendation.m in Sources */ = {isa = PBXBuildFile; fileRef = 09F0D04412037D3900BD9631 /* TreeRootsRecommendation.m */; };
		09F0D05A12037D3900BD9631 /* TreeFormCondition.m in Sources */ = {isa = PBXBuildFile; fileRef = 09F0D04612037D3900BD9631 /* TreeFormCondition.m */; };
		09F0D05B12037D3900BD9631 /* TreeCrownCondition.m in Sources */ = {isa = PBXBuildFile; fileRef = 09F0D04812037D3900BD9631 /* TreeCrownCondition.m */; };
		09F0D05C12037D3900BD9631 /* TreeTrunkRecommendation.m in Sources */ = {isa = PBXBuildFile; fileRef = 09F0D04A12037D3900BD9631 /* TreeTrunkRecommendation.m */; };
		09F0D05D12037D3900BD9631 /* AssessmentTree.m in Sources */ = {isa = PBXBuildFile; fileRef = 09F0D04C12037D3900BD9631 /* AssessmentTree.m */; };
		09F0D05E12037D3900BD9631 /* AssessmentType.m in Sources */ = {isa = PBXBuildFile; fileRef = 09F0D04E12037D3900BD9631 /* AssessmentType.m */; };
		1440243F11FDE545000F936D /* Default.png in Resources */ = {isa = PBXBuildFile; fileRef = 1440243011FDE545000F936D /* Default.png */; };
		1440244A11FDE545000F936D /* Icon_128.png in Resources */ = {isa = PBXBuildFile; fileRef = 1440243B11FDE545000F936D /* Icon_128.png */; };
		1440244B11FDE545000F936D /* Icon_256.png in Resources */ = {isa = PBXBuildFile; fileRef = 1440243C11FDE545000F936D /* Icon_256.png */; };
		146B767211FDF9450073C279 /* libisimulate.a in Frameworks */ = {isa = PBXBuildFile; fileRef = 146B767111FDF9450073C279 /* libisimulate.a */; };
		14DCC6C211FDE35500A98045 /* CoreLocation.framework in Frameworks */ = {isa = PBXBuildFile; fileRef = 14DCC6C111FDE35500A98045 /* CoreLocation.framework */; };
		14EBCDAA11FE195700F36458 /* LauncherViewController.m in Sources */ = {isa = PBXBuildFile; fileRef = 14EBCDA911FE195700F36458 /* LauncherViewController.m */; };
		1D60589B0D05DD56006BFB54 /* main.m in Sources */ = {isa = PBXBuildFile; fileRef = 29B97316FDCFA39411CA2CEA /* main.m */; };
		1D60589F0D05DD5A006BFB54 /* Foundation.framework in Frameworks */ = {isa = PBXBuildFile; fileRef = 1D30AB110D05D00D00671497 /* Foundation.framework */; };
		1DF5F4E00D08C38300B7A737 /* UIKit.framework in Frameworks */ = {isa = PBXBuildFile; fileRef = 1DF5F4DF0D08C38300B7A737 /* UIKit.framework */; };
		288765A50DF7441C002DB57D /* CoreGraphics.framework in Frameworks */ = {isa = PBXBuildFile; fileRef = 288765A40DF7441C002DB57D /* CoreGraphics.framework */; };
		28C3AD8A0F43EF2300507BA6 /* landscapes.xcdatamodel in Sources */ = {isa = PBXBuildFile; fileRef = 28C3AD890F43EF2300507BA6 /* landscapes.xcdatamodel */; };
		28D801B40F44B63D00FB423F /* CoreData.framework in Frameworks */ = {isa = PBXBuildFile; fileRef = 28D801B30F44B63D00FB423F /* CoreData.framework */; };
		6E37974911B9BDCB0011C497 /* libThree20Core.a in Frameworks */ = {isa = PBXBuildFile; fileRef = 6E37972511B9BDB60011C497 /* libThree20Core.a */; };
		6E37974A11B9BDCB0011C497 /* libThree20Network.a in Frameworks */ = {isa = PBXBuildFile; fileRef = 6E37972B11B9BDB60011C497 /* libThree20Network.a */; };
		6E37974B11B9BDCC0011C497 /* libThree20Style.a in Frameworks */ = {isa = PBXBuildFile; fileRef = 6E37973111B9BDB60011C497 /* libThree20Style.a */; };
		6E37974C11B9BDCC0011C497 /* libThree20UI.a in Frameworks */ = {isa = PBXBuildFile; fileRef = 6E37974311B9BDB60011C497 /* libThree20UI.a */; };
		6E37974D11B9BDCC0011C497 /* libThree20UICommon.a in Frameworks */ = {isa = PBXBuildFile; fileRef = 6E37973711B9BDB60011C497 /* libThree20UICommon.a */; };
		6E37974E11B9BDCD0011C497 /* libThree20UINavigator.a in Frameworks */ = {isa = PBXBuildFile; fileRef = 6E37973D11B9BDB60011C497 /* libThree20UINavigator.a */; };
		6EF963EC118E96CC003902E7 /* libThree20.a in Frameworks */ = {isa = PBXBuildFile; fileRef = 6EF963E9118E96CA003902E7 /* libThree20.a */; };
		EB383C0610BBF8A40000B2D2 /* AppDelegate.m in Sources */ = {isa = PBXBuildFile; fileRef = EB383C0510BBF8A40000B2D2 /* AppDelegate.m */; };
		EB383C1410BBF8C70000B2D2 /* QuartzCore.framework in Frameworks */ = {isa = PBXBuildFile; fileRef = EB383C1310BBF8C70000B2D2 /* QuartzCore.framework */; };
		EB383D1110BBFC630000B2D2 /* Three20.bundle in Resources */ = {isa = PBXBuildFile; fileRef = EB383D1010BBFC630000B2D2 /* Three20.bundle */; };
/* End PBXBuildFile section */

/* Begin PBXContainerItemProxy section */
		6E37972411B9BDB60011C497 /* PBXContainerItemProxy */ = {
			isa = PBXContainerItemProxy;
			containerPortal = 6E37971011B9BDB60011C497 /* Three20Core.xcodeproj */;
			proxyType = 2;
			remoteGlobalIDString = BEF31F3A0F352DF5000DE5D2;
			remoteInfo = Three20Core;
		};
		6E37972611B9BDB60011C497 /* PBXContainerItemProxy */ = {
			isa = PBXContainerItemProxy;
			containerPortal = 6E37971011B9BDB60011C497 /* Three20Core.xcodeproj */;
			proxyType = 2;
			remoteGlobalIDString = EB9E6C6210B6A8F800DE563C;
			remoteInfo = UnitTests;
		};
		6E37972A11B9BDB60011C497 /* PBXContainerItemProxy */ = {
			isa = PBXContainerItemProxy;
			containerPortal = 6E37971311B9BDB60011C497 /* Three20Network.xcodeproj */;
			proxyType = 2;
			remoteGlobalIDString = BEF31F3A0F352DF5000DE5D2;
			remoteInfo = Three20Network;
		};
		6E37972C11B9BDB60011C497 /* PBXContainerItemProxy */ = {
			isa = PBXContainerItemProxy;
			containerPortal = 6E37971311B9BDB60011C497 /* Three20Network.xcodeproj */;
			proxyType = 2;
			remoteGlobalIDString = EB9E6C6210B6A8F800DE563C;
			remoteInfo = UnitTests;
		};
		6E37973011B9BDB60011C497 /* PBXContainerItemProxy */ = {
			isa = PBXContainerItemProxy;
			containerPortal = 6E37971611B9BDB60011C497 /* Three20Style.xcodeproj */;
			proxyType = 2;
			remoteGlobalIDString = BEF31F3A0F352DF5000DE5D2;
			remoteInfo = Three20Style;
		};
		6E37973211B9BDB60011C497 /* PBXContainerItemProxy */ = {
			isa = PBXContainerItemProxy;
			containerPortal = 6E37971611B9BDB60011C497 /* Three20Style.xcodeproj */;
			proxyType = 2;
			remoteGlobalIDString = EB9E6C6210B6A8F800DE563C;
			remoteInfo = UnitTests;
		};
		6E37973611B9BDB60011C497 /* PBXContainerItemProxy */ = {
			isa = PBXContainerItemProxy;
			containerPortal = 6E37971911B9BDB60011C497 /* Three20UICommon.xcodeproj */;
			proxyType = 2;
			remoteGlobalIDString = BEF31F3A0F352DF5000DE5D2;
			remoteInfo = Three20UICommon;
		};
		6E37973811B9BDB60011C497 /* PBXContainerItemProxy */ = {
			isa = PBXContainerItemProxy;
			containerPortal = 6E37971911B9BDB60011C497 /* Three20UICommon.xcodeproj */;
			proxyType = 2;
			remoteGlobalIDString = EB9E6C6210B6A8F800DE563C;
			remoteInfo = UnitTests;
		};
		6E37973C11B9BDB60011C497 /* PBXContainerItemProxy */ = {
			isa = PBXContainerItemProxy;
			containerPortal = 6E37971C11B9BDB60011C497 /* Three20UINavigator.xcodeproj */;
			proxyType = 2;
			remoteGlobalIDString = BEF31F3A0F352DF5000DE5D2;
			remoteInfo = Three20UINavigator;
		};
		6E37973E11B9BDB60011C497 /* PBXContainerItemProxy */ = {
			isa = PBXContainerItemProxy;
			containerPortal = 6E37971C11B9BDB60011C497 /* Three20UINavigator.xcodeproj */;
			proxyType = 2;
			remoteGlobalIDString = EB9E6C6210B6A8F800DE563C;
			remoteInfo = UnitTests;
		};
		6E37974211B9BDB60011C497 /* PBXContainerItemProxy */ = {
			isa = PBXContainerItemProxy;
			containerPortal = 6E37971F11B9BDB60011C497 /* Three20UI.xcodeproj */;
			proxyType = 2;
			remoteGlobalIDString = BEF31F3A0F352DF5000DE5D2;
			remoteInfo = Three20UI;
		};
		6E37974411B9BDB60011C497 /* PBXContainerItemProxy */ = {
			isa = PBXContainerItemProxy;
			containerPortal = 6E37971F11B9BDB60011C497 /* Three20UI.xcodeproj */;
			proxyType = 2;
			remoteGlobalIDString = EB9E6C6210B6A8F800DE563C;
			remoteInfo = UnitTests;
		};
		6E37974F11B9BDD70011C497 /* PBXContainerItemProxy */ = {
			isa = PBXContainerItemProxy;
			containerPortal = 6E37971311B9BDB60011C497 /* Three20Network.xcodeproj */;
			proxyType = 1;
			remoteGlobalIDString = BEF31F390F352DF5000DE5D2;
			remoteInfo = Three20Network;
		};
		6E37975111B9BDD70011C497 /* PBXContainerItemProxy */ = {
			isa = PBXContainerItemProxy;
			containerPortal = 6E37971C11B9BDB60011C497 /* Three20UINavigator.xcodeproj */;
			proxyType = 1;
			remoteGlobalIDString = BEF31F390F352DF5000DE5D2;
			remoteInfo = Three20UINavigator;
		};
		6E37975311B9BDD70011C497 /* PBXContainerItemProxy */ = {
			isa = PBXContainerItemProxy;
			containerPortal = 6E37971911B9BDB60011C497 /* Three20UICommon.xcodeproj */;
			proxyType = 1;
			remoteGlobalIDString = BEF31F390F352DF5000DE5D2;
			remoteInfo = Three20UICommon;
		};
		6E37975511B9BDD70011C497 /* PBXContainerItemProxy */ = {
			isa = PBXContainerItemProxy;
			containerPortal = 6E37971011B9BDB60011C497 /* Three20Core.xcodeproj */;
			proxyType = 1;
			remoteGlobalIDString = BEF31F390F352DF5000DE5D2;
			remoteInfo = Three20Core;
		};
		6E37975711B9BDD70011C497 /* PBXContainerItemProxy */ = {
			isa = PBXContainerItemProxy;
			containerPortal = 6E37971611B9BDB60011C497 /* Three20Style.xcodeproj */;
			proxyType = 1;
			remoteGlobalIDString = BEF31F390F352DF5000DE5D2;
			remoteInfo = Three20Style;
		};
		6E37975911B9BDD70011C497 /* PBXContainerItemProxy */ = {
			isa = PBXContainerItemProxy;
			containerPortal = 6E37971F11B9BDB60011C497 /* Three20UI.xcodeproj */;
			proxyType = 1;
			remoteGlobalIDString = BEF31F390F352DF5000DE5D2;
			remoteInfo = Three20UI;
		};
		6EF963E8118E96CA003902E7 /* PBXContainerItemProxy */ = {
			isa = PBXContainerItemProxy;
			containerPortal = 6EF963BD118E96C9003902E7 /* Three20.xcodeproj */;
			proxyType = 2;
			remoteGlobalIDString = BEF31F3A0F352DF5000DE5D2;
			remoteInfo = Three20;
		};
		6EF963EA118E96CA003902E7 /* PBXContainerItemProxy */ = {
			isa = PBXContainerItemProxy;
			containerPortal = 6EF963BD118E96C9003902E7 /* Three20.xcodeproj */;
			proxyType = 2;
			remoteGlobalIDString = EB9E6C6210B6A8F800DE563C;
			remoteInfo = UnitTests;
		};
		6EF963ED118E96CF003902E7 /* PBXContainerItemProxy */ = {
			isa = PBXContainerItemProxy;
			containerPortal = 6EF963BD118E96C9003902E7 /* Three20.xcodeproj */;
			proxyType = 1;
			remoteGlobalIDString = BEF31F390F352DF5000DE5D2;
			remoteInfo = Three20;
		};
/* End PBXContainerItemProxy section */

/* Begin PBXFileReference section */
		09AED7DD11FE4A820040A385 /* AssessmentTableViewController.h */ = {isa = PBXFileReference; fileEncoding = 4; lastKnownFileType = sourcecode.c.h; name = AssessmentTableViewController.h; path = ../AssessmentTableViewController.h; sourceTree = "<group>"; };
		09AED7DE11FE4A820040A385 /* AssessmentTableViewController.m */ = {isa = PBXFileReference; fileEncoding = 4; lastKnownFileType = sourcecode.c.objc; name = AssessmentTableViewController.m; path = ../AssessmentTableViewController.m; sourceTree = "<group>"; };
		09AED7DF11FE4A820040A385 /* AssessmentTableView.xib */ = {isa = PBXFileReference; lastKnownFileType = file.xib; path = AssessmentTableView.xib; sourceTree = "<group>"; };
		09AED83E11FF29760040A385 /* AssessmentTableViewCell.h */ = {isa = PBXFileReference; fileEncoding = 4; lastKnownFileType = sourcecode.c.h; path = AssessmentTableViewCell.h; sourceTree = "<group>"; };
		09AED83F11FF29760040A385 /* AssessmentTableViewCell.m */ = {isa = PBXFileReference; fileEncoding = 4; lastKnownFileType = sourcecode.c.objc; path = AssessmentTableViewCell.m; sourceTree = "<group>"; };
		09F0D02F12037D3900BD9631 /* TreeOverallRecommendation.h */ = {isa = PBXFileReference; fileEncoding = 4; lastKnownFileType = sourcecode.c.h; name = TreeOverallRecommendation.h; path = ../TreeOverallRecommendation.h; sourceTree = "<group>"; };
		09F0D03012037D3900BD9631 /* TreeOverallRecommendation.m */ = {isa = PBXFileReference; fileEncoding = 4; lastKnownFileType = sourcecode.c.objc; name = TreeOverallRecommendation.m; path = ../TreeOverallRecommendation.m; sourceTree = "<group>"; };
		09F0D03112037D3900BD9631 /* TreeFormRecommendation.h */ = {isa = PBXFileReference; fileEncoding = 4; lastKnownFileType = sourcecode.c.h; name = TreeFormRecommendation.h; path = ../TreeFormRecommendation.h; sourceTree = "<group>"; };
		09F0D03212037D3900BD9631 /* TreeFormRecommendation.m */ = {isa = PBXFileReference; fileEncoding = 4; lastKnownFileType = sourcecode.c.objc; name = TreeFormRecommendation.m; path = ../TreeFormRecommendation.m; sourceTree = "<group>"; };
		09F0D03312037D3900BD9631 /* TreeRootsCondition.h */ = {isa = PBXFileReference; fileEncoding = 4; lastKnownFileType = sourcecode.c.h; name = TreeRootsCondition.h; path = ../TreeRootsCondition.h; sourceTree = "<group>"; };
		09F0D03412037D3900BD9631 /* TreeRootsCondition.m */ = {isa = PBXFileReference; fileEncoding = 4; lastKnownFileType = sourcecode.c.objc; name = TreeRootsCondition.m; path = ../TreeRootsCondition.m; sourceTree = "<group>"; };
		09F0D03512037D3900BD9631 /* TreeRootFlareCondition.h */ = {isa = PBXFileReference; fileEncoding = 4; lastKnownFileType = sourcecode.c.h; name = TreeRootFlareCondition.h; path = ../TreeRootFlareCondition.h; sourceTree = "<group>"; };
		09F0D03612037D3900BD9631 /* TreeRootFlareCondition.m */ = {isa = PBXFileReference; fileEncoding = 4; lastKnownFileType = sourcecode.c.objc; name = TreeRootFlareCondition.m; path = ../TreeRootFlareCondition.m; sourceTree = "<group>"; };
		09F0D03712037D3900BD9631 /* Landscape.h */ = {isa = PBXFileReference; fileEncoding = 4; lastKnownFileType = sourcecode.c.h; name = Landscape.h; path = ../Landscape.h; sourceTree = "<group>"; };
		09F0D03812037D3900BD9631 /* Landscape.m */ = {isa = PBXFileReference; fileEncoding = 4; lastKnownFileType = sourcecode.c.objc; name = Landscape.m; path = ../Landscape.m; sourceTree = "<group>"; };
		09F0D03912037D3900BD9631 /* TreeOverallCondition.h */ = {isa = PBXFileReference; fileEncoding = 4; lastKnownFileType = sourcecode.c.h; name = TreeOverallCondition.h; path = ../TreeOverallCondition.h; sourceTree = "<group>"; };
		09F0D03A12037D3900BD9631 /* TreeOverallCondition.m */ = {isa = PBXFileReference; fileEncoding = 4; lastKnownFileType = sourcecode.c.objc; name = TreeOverallCondition.m; path = ../TreeOverallCondition.m; sourceTree = "<group>"; };
		09F0D03B12037D3900BD9631 /* TreeCrownRecommendation.h */ = {isa = PBXFileReference; fileEncoding = 4; lastKnownFileType = sourcecode.c.h; name = TreeCrownRecommendation.h; path = ../TreeCrownRecommendation.h; sourceTree = "<group>"; };
		09F0D03C12037D3900BD9631 /* TreeCrownRecommendation.m */ = {isa = PBXFileReference; fileEncoding = 4; lastKnownFileType = sourcecode.c.objc; name = TreeCrownRecommendation.m; path = ../TreeCrownRecommendation.m; sourceTree = "<group>"; };
		09F0D03D12037D3900BD9631 /* TreeRootFlareRecommendation.h */ = {isa = PBXFileReference; fileEncoding = 4; lastKnownFileType = sourcecode.c.h; name = TreeRootFlareRecommendation.h; path = ../TreeRootFlareRecommendation.h; sourceTree = "<group>"; };
		09F0D03E12037D3900BD9631 /* TreeRootFlareRecommendation.m */ = {isa = PBXFileReference; fileEncoding = 4; lastKnownFileType = sourcecode.c.objc; name = TreeRootFlareRecommendation.m; path = ../TreeRootFlareRecommendation.m; sourceTree = "<group>"; };
		09F0D03F12037D3900BD9631 /* TreeTrunkCondition.h */ = {isa = PBXFileReference; fileEncoding = 4; lastKnownFileType = sourcecode.c.h; name = TreeTrunkCondition.h; path = ../TreeTrunkCondition.h; sourceTree = "<group>"; };
		09F0D04012037D3900BD9631 /* TreeTrunkCondition.m */ = {isa = PBXFileReference; fileEncoding = 4; lastKnownFileType = sourcecode.c.objc; name = TreeTrunkCondition.m; path = ../TreeTrunkCondition.m; sourceTree = "<group>"; };
		09F0D04112037D3900BD9631 /* Assessment.h */ = {isa = PBXFileReference; fileEncoding = 4; lastKnownFileType = sourcecode.c.h; name = Assessment.h; path = ../Assessment.h; sourceTree = "<group>"; };
		09F0D04212037D3900BD9631 /* Assessment.m */ = {isa = PBXFileReference; fileEncoding = 4; lastKnownFileType = sourcecode.c.objc; name = Assessment.m; path = ../Assessment.m; sourceTree = "<group>"; };
		09F0D04312037D3900BD9631 /* TreeRootsRecommendation.h */ = {isa = PBXFileReference; fileEncoding = 4; lastKnownFileType = sourcecode.c.h; name = TreeRootsRecommendation.h; path = ../TreeRootsRecommendation.h; sourceTree = "<group>"; };
		09F0D04412037D3900BD9631 /* TreeRootsRecommendation.m */ = {isa = PBXFileReference; fileEncoding = 4; lastKnownFileType = sourcecode.c.objc; name = TreeRootsRecommendation.m; path = ../TreeRootsRecommendation.m; sourceTree = "<group>"; };
		09F0D04512037D3900BD9631 /* TreeFormCondition.h */ = {isa = PBXFileReference; fileEncoding = 4; lastKnownFileType = sourcecode.c.h; name = TreeFormCondition.h; path = ../TreeFormCondition.h; sourceTree = "<group>"; };
		09F0D04612037D3900BD9631 /* TreeFormCondition.m */ = {isa = PBXFileReference; fileEncoding = 4; lastKnownFileType = sourcecode.c.objc; name = TreeFormCondition.m; path = ../TreeFormCondition.m; sourceTree = "<group>"; };
		09F0D04712037D3900BD9631 /* TreeCrownCondition.h */ = {isa = PBXFileReference; fileEncoding = 4; lastKnownFileType = sourcecode.c.h; name = TreeCrownCondition.h; path = ../TreeCrownCondition.h; sourceTree = "<group>"; };
		09F0D04812037D3900BD9631 /* TreeCrownCondition.m */ = {isa = PBXFileReference; fileEncoding = 4; lastKnownFileType = sourcecode.c.objc; name = TreeCrownCondition.m; path = ../TreeCrownCondition.m; sourceTree = "<group>"; };
		09F0D04912037D3900BD9631 /* TreeTrunkRecommendation.h */ = {isa = PBXFileReference; fileEncoding = 4; lastKnownFileType = sourcecode.c.h; name = TreeTrunkRecommendation.h; path = ../TreeTrunkRecommendation.h; sourceTree = "<group>"; };
		09F0D04A12037D3900BD9631 /* TreeTrunkRecommendation.m */ = {isa = PBXFileReference; fileEncoding = 4; lastKnownFileType = sourcecode.c.objc; name = TreeTrunkRecommendation.m; path = ../TreeTrunkRecommendation.m; sourceTree = "<group>"; };
		09F0D04B12037D3900BD9631 /* AssessmentTree.h */ = {isa = PBXFileReference; fileEncoding = 4; lastKnownFileType = sourcecode.c.h; name = AssessmentTree.h; path = ../AssessmentTree.h; sourceTree = "<group>"; };
		09F0D04C12037D3900BD9631 /* AssessmentTree.m */ = {isa = PBXFileReference; fileEncoding = 4; lastKnownFileType = sourcecode.c.objc; name = AssessmentTree.m; path = ../AssessmentTree.m; sourceTree = "<group>"; };
		09F0D04D12037D3900BD9631 /* AssessmentType.h */ = {isa = PBXFileReference; fileEncoding = 4; lastKnownFileType = sourcecode.c.h; name = AssessmentType.h; path = ../AssessmentType.h; sourceTree = "<group>"; };
		09F0D04E12037D3900BD9631 /* AssessmentType.m */ = {isa = PBXFileReference; fileEncoding = 4; lastKnownFileType = sourcecode.c.objc; name = AssessmentType.m; path = ../AssessmentType.m; sourceTree = "<group>"; };
		1440243011FDE545000F936D /* Default.png */ = {isa = PBXFileReference; lastKnownFileType = image.png; path = Default.png; sourceTree = "<group>"; };
		1440243B11FDE545000F936D /* Icon_128.png */ = {isa = PBXFileReference; lastKnownFileType = image.png; path = Icon_128.png; sourceTree = "<group>"; };
		1440243C11FDE545000F936D /* Icon_256.png */ = {isa = PBXFileReference; lastKnownFileType = image.png; path = Icon_256.png; sourceTree = "<group>"; };
		146B767111FDF9450073C279 /* libisimulate.a */ = {isa = PBXFileReference; lastKnownFileType = archive.ar; path = libisimulate.a; sourceTree = "<group>"; };
		14DCC6C111FDE35500A98045 /* CoreLocation.framework */ = {isa = PBXFileReference; lastKnownFileType = wrapper.framework; name = CoreLocation.framework; path = /System/Library/Frameworks/CoreLocation.framework; sourceTree = "<absolute>"; };
		14EBCDA811FE195700F36458 /* LauncherViewController.h */ = {isa = PBXFileReference; fileEncoding = 4; lastKnownFileType = sourcecode.c.h; path = LauncherViewController.h; sourceTree = "<group>"; };
		14EBCDA911FE195700F36458 /* LauncherViewController.m */ = {isa = PBXFileReference; fileEncoding = 4; lastKnownFileType = sourcecode.c.objc; path = LauncherViewController.m; sourceTree = "<group>"; };
		1D30AB110D05D00D00671497 /* Foundation.framework */ = {isa = PBXFileReference; lastKnownFileType = wrapper.framework; name = Foundation.framework; path = System/Library/Frameworks/Foundation.framework; sourceTree = SDKROOT; };
		1D6058910D05DD3D006BFB54 /* landscapes.app */ = {isa = PBXFileReference; explicitFileType = wrapper.application; includeInIndex = 0; path = landscapes.app; sourceTree = BUILT_PRODUCTS_DIR; };
		1DF5F4DF0D08C38300B7A737 /* UIKit.framework */ = {isa = PBXFileReference; lastKnownFileType = wrapper.framework; name = UIKit.framework; path = System/Library/Frameworks/UIKit.framework; sourceTree = SDKROOT; };
		288765A40DF7441C002DB57D /* CoreGraphics.framework */ = {isa = PBXFileReference; lastKnownFileType = wrapper.framework; name = CoreGraphics.framework; path = System/Library/Frameworks/CoreGraphics.framework; sourceTree = SDKROOT; };
		28C3AD890F43EF2300507BA6 /* landscapes.xcdatamodel */ = {isa = PBXFileReference; fileEncoding = 4; lastKnownFileType = wrapper.xcdatamodel; path = landscapes.xcdatamodel; sourceTree = "<group>"; };
		28D801B30F44B63D00FB423F /* CoreData.framework */ = {isa = PBXFileReference; lastKnownFileType = wrapper.framework; name = CoreData.framework; path = System/Library/Frameworks/CoreData.framework; sourceTree = SDKROOT; };
		29B97316FDCFA39411CA2CEA /* main.m */ = {isa = PBXFileReference; fileEncoding = 4; lastKnownFileType = sourcecode.c.objc; path = main.m; sourceTree = "<group>"; };
		32CA4F630368D1EE00C91783 /* landscapes_Prefix.pch */ = {isa = PBXFileReference; fileEncoding = 4; lastKnownFileType = sourcecode.c.h; path = landscapes_Prefix.pch; sourceTree = "<group>"; };
		6E37971011B9BDB60011C497 /* Three20Core.xcodeproj */ = {isa = PBXFileReference; lastKnownFileType = "wrapper.pb-project"; name = Three20Core.xcodeproj; path = ../three20/src/Three20Core/Three20Core.xcodeproj; sourceTree = SOURCE_ROOT; };
		6E37971311B9BDB60011C497 /* Three20Network.xcodeproj */ = {isa = PBXFileReference; lastKnownFileType = "wrapper.pb-project"; name = Three20Network.xcodeproj; path = ../three20/src/Three20Network/Three20Network.xcodeproj; sourceTree = SOURCE_ROOT; };
		6E37971611B9BDB60011C497 /* Three20Style.xcodeproj */ = {isa = PBXFileReference; lastKnownFileType = "wrapper.pb-project"; name = Three20Style.xcodeproj; path = ../three20/src/Three20Style/Three20Style.xcodeproj; sourceTree = SOURCE_ROOT; };
		6E37971911B9BDB60011C497 /* Three20UICommon.xcodeproj */ = {isa = PBXFileReference; lastKnownFileType = "wrapper.pb-project"; name = Three20UICommon.xcodeproj; path = ../three20/src/Three20UICommon/Three20UICommon.xcodeproj; sourceTree = SOURCE_ROOT; };
		6E37971C11B9BDB60011C497 /* Three20UINavigator.xcodeproj */ = {isa = PBXFileReference; lastKnownFileType = "wrapper.pb-project"; name = Three20UINavigator.xcodeproj; path = ../three20/src/Three20UINavigator/Three20UINavigator.xcodeproj; sourceTree = SOURCE_ROOT; };
		6E37971F11B9BDB60011C497 /* Three20UI.xcodeproj */ = {isa = PBXFileReference; lastKnownFileType = "wrapper.pb-project"; name = Three20UI.xcodeproj; path = ../three20/src/Three20UI/Three20UI.xcodeproj; sourceTree = SOURCE_ROOT; };
		6EF963BD118E96C9003902E7 /* Three20.xcodeproj */ = {isa = PBXFileReference; lastKnownFileType = "wrapper.pb-project"; name = Three20.xcodeproj; path = ../three20/src/Three20/Three20.xcodeproj; sourceTree = SOURCE_ROOT; };
		8D1107310486CEB800E47090 /* landscapes-Info.plist */ = {isa = PBXFileReference; fileEncoding = 4; lastKnownFileType = text.plist.xml; path = "landscapes-Info.plist"; sourceTree = "<group>"; };
		EB383C0410BBF8A40000B2D2 /* AppDelegate.h */ = {isa = PBXFileReference; fileEncoding = 4; lastKnownFileType = sourcecode.c.h; name = AppDelegate.h; path = Classes/AppDelegate.h; sourceTree = SOURCE_ROOT; };
		EB383C0510BBF8A40000B2D2 /* AppDelegate.m */ = {isa = PBXFileReference; fileEncoding = 4; lastKnownFileType = sourcecode.c.objc; name = AppDelegate.m; path = Classes/AppDelegate.m; sourceTree = SOURCE_ROOT; };
		EB383C1310BBF8C70000B2D2 /* QuartzCore.framework */ = {isa = PBXFileReference; lastKnownFileType = wrapper.framework; name = QuartzCore.framework; path = System/Library/Frameworks/QuartzCore.framework; sourceTree = SDKROOT; };
		EB383D1010BBFC630000B2D2 /* Three20.bundle */ = {isa = PBXFileReference; lastKnownFileType = "wrapper.plug-in"; name = Three20.bundle; path = ../three20/src/Three20.bundle; sourceTree = SOURCE_ROOT; };
/* End PBXFileReference section */

/* Begin PBXFrameworksBuildPhase section */
		1D60588F0D05DD3D006BFB54 /* Frameworks */ = {
			isa = PBXFrameworksBuildPhase;
			buildActionMask = 2147483647;
			files = (
				1D60589F0D05DD5A006BFB54 /* Foundation.framework in Frameworks */,
				1DF5F4E00D08C38300B7A737 /* UIKit.framework in Frameworks */,
				288765A50DF7441C002DB57D /* CoreGraphics.framework in Frameworks */,
				28D801B40F44B63D00FB423F /* CoreData.framework in Frameworks */,
				EB383C1410BBF8C70000B2D2 /* QuartzCore.framework in Frameworks */,
				6EF963EC118E96CC003902E7 /* libThree20.a in Frameworks */,
				6E37974911B9BDCB0011C497 /* libThree20Core.a in Frameworks */,
				6E37974A11B9BDCB0011C497 /* libThree20Network.a in Frameworks */,
				6E37974B11B9BDCC0011C497 /* libThree20Style.a in Frameworks */,
				6E37974C11B9BDCC0011C497 /* libThree20UI.a in Frameworks */,
				6E37974D11B9BDCC0011C497 /* libThree20UICommon.a in Frameworks */,
				6E37974E11B9BDCD0011C497 /* libThree20UINavigator.a in Frameworks */,
				14DCC6C211FDE35500A98045 /* CoreLocation.framework in Frameworks */,
				146B767211FDF9450073C279 /* libisimulate.a in Frameworks */,
			);
			runOnlyForDeploymentPostprocessing = 0;
		};
/* End PBXFrameworksBuildPhase section */

/* Begin PBXGroup section */
		080E96DDFE201D6D7F000001 /* Classes */ = {
			isa = PBXGroup;
			children = (
				09AED84111FF2EF40040A385 /* Models */,
				09AED84311FF2F040040A385 /* Controllers */,
				09AED84211FF2EFC0040A385 /* Views */,
				EB383C0410BBF8A40000B2D2 /* AppDelegate.h */,
				EB383C0510BBF8A40000B2D2 /* AppDelegate.m */,
			);
			path = Classes;
			sourceTree = "<group>";
		};
		09AED84111FF2EF40040A385 /* Models */ = {
			isa = PBXGroup;
			children = (
				09F0D02F12037D3900BD9631 /* TreeOverallRecommendation.h */,
				09F0D03012037D3900BD9631 /* TreeOverallRecommendation.m */,
				09F0D03112037D3900BD9631 /* TreeFormRecommendation.h */,
				09F0D03212037D3900BD9631 /* TreeFormRecommendation.m */,
				09F0D03312037D3900BD9631 /* TreeRootsCondition.h */,
				09F0D03412037D3900BD9631 /* TreeRootsCondition.m */,
				09F0D03512037D3900BD9631 /* TreeRootFlareCondition.h */,
				09F0D03612037D3900BD9631 /* TreeRootFlareCondition.m */,
				09F0D03712037D3900BD9631 /* Landscape.h */,
				09F0D03812037D3900BD9631 /* Landscape.m */,
				09F0D03912037D3900BD9631 /* TreeOverallCondition.h */,
				09F0D03A12037D3900BD9631 /* TreeOverallCondition.m */,
				09F0D03B12037D3900BD9631 /* TreeCrownRecommendation.h */,
				09F0D03C12037D3900BD9631 /* TreeCrownRecommendation.m */,
				09F0D03D12037D3900BD9631 /* TreeRootFlareRecommendation.h */,
				09F0D03E12037D3900BD9631 /* TreeRootFlareRecommendation.m */,
				09F0D03F12037D3900BD9631 /* TreeTrunkCondition.h */,
				09F0D04012037D3900BD9631 /* TreeTrunkCondition.m */,
				09F0D04112037D3900BD9631 /* Assessment.h */,
				09F0D04212037D3900BD9631 /* Assessment.m */,
				09F0D04312037D3900BD9631 /* TreeRootsRecommendation.h */,
				09F0D04412037D3900BD9631 /* TreeRootsRecommendation.m */,
				09F0D04512037D3900BD9631 /* TreeFormCondition.h */,
				09F0D04612037D3900BD9631 /* TreeFormCondition.m */,
				09F0D04712037D3900BD9631 /* TreeCrownCondition.h */,
				09F0D04812037D3900BD9631 /* TreeCrownCondition.m */,
				09F0D04912037D3900BD9631 /* TreeTrunkRecommendation.h */,
				09F0D04A12037D3900BD9631 /* TreeTrunkRecommendation.m */,
				09F0D04B12037D3900BD9631 /* AssessmentTree.h */,
				09F0D04C12037D3900BD9631 /* AssessmentTree.m */,
				09F0D04D12037D3900BD9631 /* AssessmentType.h */,
				09F0D04E12037D3900BD9631 /* AssessmentType.m */,
			);
			name = Models;
			sourceTree = "<group>";
		};
		09AED84211FF2EFC0040A385 /* Views */ = {
			isa = PBXGroup;
			children = (
			);
			name = Views;
			sourceTree = "<group>";
		};
		09AED84311FF2F040040A385 /* Controllers */ = {
			isa = PBXGroup;
			children = (
				09AED83E11FF29760040A385 /* AssessmentTableViewCell.h */,
				09AED83F11FF29760040A385 /* AssessmentTableViewCell.m */,
				09AED7DD11FE4A820040A385 /* AssessmentTableViewController.h */,
				09AED7DE11FE4A820040A385 /* AssessmentTableViewController.m */,
				14EBCDA811FE195700F36458 /* LauncherViewController.h */,
				14EBCDA911FE195700F36458 /* LauncherViewController.m */,
			);
			name = Controllers;
			sourceTree = "<group>";
		};
		1440242C11FDE524000F936D /* images */ = {
			isa = PBXGroup;
			children = (
				1440243011FDE545000F936D /* Default.png */,
				1440243B11FDE545000F936D /* Icon_128.png */,
				1440243C11FDE545000F936D /* Icon_256.png */,
			);
			name = images;
			sourceTree = "<group>";
		};
		19C28FACFE9D520D11CA2CBB /* Products */ = {
			isa = PBXGroup;
			children = (
				1D6058910D05DD3D006BFB54 /* landscapes.app */,
			);
			name = Products;
			sourceTree = "<group>";
		};
		29B97314FDCFA39411CA2CEA /* CustomTemplate */ = {
			isa = PBXGroup;
			children = (
				1440242C11FDE524000F936D /* images */,
				080E96DDFE201D6D7F000001 /* Classes */,
				29B97315FDCFA39411CA2CEA /* Other Sources */,
				29B97317FDCFA39411CA2CEA /* Resources */,
				6EF963BC118E96B7003902E7 /* Dependencies */,
				29B97323FDCFA39411CA2CEA /* Frameworks */,
				19C28FACFE9D520D11CA2CBB /* Products */,
			);
			name = CustomTemplate;
			sourceTree = "<group>";
		};
		29B97315FDCFA39411CA2CEA /* Other Sources */ = {
			isa = PBXGroup;
			children = (
				32CA4F630368D1EE00C91783 /* landscapes_Prefix.pch */,
				29B97316FDCFA39411CA2CEA /* main.m */,
			);
			name = "Other Sources";
			sourceTree = "<group>";
		};
		29B97317FDCFA39411CA2CEA /* Resources */ = {
			isa = PBXGroup;
			children = (
				09AED7DF11FE4A820040A385 /* AssessmentTableView.xib */,
				EB383D1010BBFC630000B2D2 /* Three20.bundle */,
				28C3AD890F43EF2300507BA6 /* landscapes.xcdatamodel */,
				8D1107310486CEB800E47090 /* landscapes-Info.plist */,
			);
			name = Resources;
			sourceTree = "<group>";
		};
		29B97323FDCFA39411CA2CEA /* Frameworks */ = {
			isa = PBXGroup;
			children = (
				14DCC6C111FDE35500A98045 /* CoreLocation.framework */,
				146B767111FDF9450073C279 /* libisimulate.a */,
				1DF5F4DF0D08C38300B7A737 /* UIKit.framework */,
				1D30AB110D05D00D00671497 /* Foundation.framework */,
				288765A40DF7441C002DB57D /* CoreGraphics.framework */,
				28D801B30F44B63D00FB423F /* CoreData.framework */,
				EB383C1310BBF8C70000B2D2 /* QuartzCore.framework */,
			);
			name = Frameworks;
			sourceTree = "<group>";
		};
		6E37971111B9BDB60011C497 /* Products */ = {
			isa = PBXGroup;
			children = (
				6E37972511B9BDB60011C497 /* libThree20Core.a */,
				6E37972711B9BDB60011C497 /* CoreUnitTests.octest */,
			);
			name = Products;
			sourceTree = "<group>";
		};
		6E37971411B9BDB60011C497 /* Products */ = {
			isa = PBXGroup;
			children = (
				6E37972B11B9BDB60011C497 /* libThree20Network.a */,
				6E37972D11B9BDB60011C497 /* UnitTests.octest */,
			);
			name = Products;
			sourceTree = "<group>";
		};
		6E37971711B9BDB60011C497 /* Products */ = {
			isa = PBXGroup;
			children = (
				6E37973111B9BDB60011C497 /* libThree20Style.a */,
				6E37973311B9BDB60011C497 /* UnitTests.octest */,
			);
			name = Products;
			sourceTree = "<group>";
		};
		6E37971A11B9BDB60011C497 /* Products */ = {
			isa = PBXGroup;
			children = (
				6E37973711B9BDB60011C497 /* libThree20UICommon.a */,
				6E37973911B9BDB60011C497 /* UnitTests.octest */,
			);
			name = Products;
			sourceTree = "<group>";
		};
		6E37971D11B9BDB60011C497 /* Products */ = {
			isa = PBXGroup;
			children = (
				6E37973D11B9BDB60011C497 /* libThree20UINavigator.a */,
				6E37973F11B9BDB60011C497 /* UnitTests.octest */,
			);
			name = Products;
			sourceTree = "<group>";
		};
		6E37972011B9BDB60011C497 /* Products */ = {
			isa = PBXGroup;
			children = (
				6E37974311B9BDB60011C497 /* libThree20UI.a */,
				6E37974511B9BDB60011C497 /* UnitTests.octest */,
			);
			name = Products;
			sourceTree = "<group>";
		};
		6E37974711B9BDB80011C497 /* Three20 */ = {
			isa = PBXGroup;
			children = (
				6E37971011B9BDB60011C497 /* Three20Core.xcodeproj */,
				6E37971311B9BDB60011C497 /* Three20Network.xcodeproj */,
				6E37971611B9BDB60011C497 /* Three20Style.xcodeproj */,
				6E37971911B9BDB60011C497 /* Three20UICommon.xcodeproj */,
				6E37971C11B9BDB60011C497 /* Three20UINavigator.xcodeproj */,
				6E37971F11B9BDB60011C497 /* Three20UI.xcodeproj */,
				6EF963BD118E96C9003902E7 /* Three20.xcodeproj */,
			);
			name = Three20;
			sourceTree = "<group>";
		};
		6E37974811B9BDC10011C497 /* Three20 Extensions */ = {
			isa = PBXGroup;
			children = (
			);
			name = "Three20 Extensions";
			sourceTree = "<group>";
		};
		6EF963BC118E96B7003902E7 /* Dependencies */ = {
			isa = PBXGroup;
			children = (
				6E37974711B9BDB80011C497 /* Three20 */,
				6E37974811B9BDC10011C497 /* Three20 Extensions */,
			);
			name = Dependencies;
			sourceTree = "<group>";
		};
		6EF963BE118E96C9003902E7 /* Products */ = {
			isa = PBXGroup;
			children = (
				6EF963E9118E96CA003902E7 /* libThree20.a */,
				6EF963EB118E96CA003902E7 /* UnitTests.octest */,
			);
			name = Products;
			sourceTree = "<group>";
		};
/* End PBXGroup section */

/* Begin PBXNativeTarget section */
		1D6058900D05DD3D006BFB54 /* landscapes */ = {
			isa = PBXNativeTarget;
			buildConfigurationList = 1D6058960D05DD3E006BFB54 /* Build configuration list for PBXNativeTarget "landscapes" */;
			buildPhases = (
				1D60588D0D05DD3D006BFB54 /* Resources */,
				1D60588E0D05DD3D006BFB54 /* Sources */,
				1D60588F0D05DD3D006BFB54 /* Frameworks */,
			);
			buildRules = (
			);
			dependencies = (
				6EF963EE118E96CF003902E7 /* PBXTargetDependency */,
				6E37975011B9BDD70011C497 /* PBXTargetDependency */,
				6E37975211B9BDD70011C497 /* PBXTargetDependency */,
				6E37975411B9BDD70011C497 /* PBXTargetDependency */,
				6E37975611B9BDD70011C497 /* PBXTargetDependency */,
				6E37975811B9BDD70011C497 /* PBXTargetDependency */,
				6E37975A11B9BDD70011C497 /* PBXTargetDependency */,
			);
			name = landscapes;
			productName = landscapes;
			productReference = 1D6058910D05DD3D006BFB54 /* landscapes.app */;
			productType = "com.apple.product-type.application";
		};
/* End PBXNativeTarget section */

/* Begin PBXProject section */
		29B97313FDCFA39411CA2CEA /* Project object */ = {
			isa = PBXProject;
			buildConfigurationList = C01FCF4E08A954540054247B /* Build configuration list for PBXProject "landscapes" */;
			compatibilityVersion = "Xcode 3.1";
			hasScannedForEncodings = 1;
			knownRegions = (
				English,
				Japanese,
				French,
				German,
			);
			mainGroup = 29B97314FDCFA39411CA2CEA /* CustomTemplate */;
			projectDirPath = "";
			projectReferences = (
				{
					ProductGroup = 6EF963BE118E96C9003902E7 /* Products */;
					ProjectRef = 6EF963BD118E96C9003902E7 /* Three20.xcodeproj */;
				},
				{
					ProductGroup = 6E37971111B9BDB60011C497 /* Products */;
					ProjectRef = 6E37971011B9BDB60011C497 /* Three20Core.xcodeproj */;
				},
				{
					ProductGroup = 6E37971411B9BDB60011C497 /* Products */;
					ProjectRef = 6E37971311B9BDB60011C497 /* Three20Network.xcodeproj */;
				},
				{
					ProductGroup = 6E37971711B9BDB60011C497 /* Products */;
					ProjectRef = 6E37971611B9BDB60011C497 /* Three20Style.xcodeproj */;
				},
				{
					ProductGroup = 6E37972011B9BDB60011C497 /* Products */;
					ProjectRef = 6E37971F11B9BDB60011C497 /* Three20UI.xcodeproj */;
				},
				{
					ProductGroup = 6E37971A11B9BDB60011C497 /* Products */;
					ProjectRef = 6E37971911B9BDB60011C497 /* Three20UICommon.xcodeproj */;
				},
				{
					ProductGroup = 6E37971D11B9BDB60011C497 /* Products */;
					ProjectRef = 6E37971C11B9BDB60011C497 /* Three20UINavigator.xcodeproj */;
				},
			);
			projectRoot = "";
			targets = (
				1D6058900D05DD3D006BFB54 /* landscapes */,
			);
		};
/* End PBXProject section */

/* Begin PBXReferenceProxy section */
		6E37972511B9BDB60011C497 /* libThree20Core.a */ = {
			isa = PBXReferenceProxy;
			fileType = archive.ar;
			path = libThree20Core.a;
			remoteRef = 6E37972411B9BDB60011C497 /* PBXContainerItemProxy */;
			sourceTree = BUILT_PRODUCTS_DIR;
		};
		6E37972711B9BDB60011C497 /* CoreUnitTests.octest */ = {
			isa = PBXReferenceProxy;
			fileType = wrapper.cfbundle;
			path = CoreUnitTests.octest;
			remoteRef = 6E37972611B9BDB60011C497 /* PBXContainerItemProxy */;
			sourceTree = BUILT_PRODUCTS_DIR;
		};
		6E37972B11B9BDB60011C497 /* libThree20Network.a */ = {
			isa = PBXReferenceProxy;
			fileType = archive.ar;
			path = libThree20Network.a;
			remoteRef = 6E37972A11B9BDB60011C497 /* PBXContainerItemProxy */;
			sourceTree = BUILT_PRODUCTS_DIR;
		};
		6E37972D11B9BDB60011C497 /* UnitTests.octest */ = {
			isa = PBXReferenceProxy;
			fileType = wrapper.cfbundle;
			path = UnitTests.octest;
			remoteRef = 6E37972C11B9BDB60011C497 /* PBXContainerItemProxy */;
			sourceTree = BUILT_PRODUCTS_DIR;
		};
		6E37973111B9BDB60011C497 /* libThree20Style.a */ = {
			isa = PBXReferenceProxy;
			fileType = archive.ar;
			path = libThree20Style.a;
			remoteRef = 6E37973011B9BDB60011C497 /* PBXContainerItemProxy */;
			sourceTree = BUILT_PRODUCTS_DIR;
		};
		6E37973311B9BDB60011C497 /* UnitTests.octest */ = {
			isa = PBXReferenceProxy;
			fileType = wrapper.cfbundle;
			path = UnitTests.octest;
			remoteRef = 6E37973211B9BDB60011C497 /* PBXContainerItemProxy */;
			sourceTree = BUILT_PRODUCTS_DIR;
		};
		6E37973711B9BDB60011C497 /* libThree20UICommon.a */ = {
			isa = PBXReferenceProxy;
			fileType = archive.ar;
			path = libThree20UICommon.a;
			remoteRef = 6E37973611B9BDB60011C497 /* PBXContainerItemProxy */;
			sourceTree = BUILT_PRODUCTS_DIR;
		};
		6E37973911B9BDB60011C497 /* UnitTests.octest */ = {
			isa = PBXReferenceProxy;
			fileType = wrapper.cfbundle;
			path = UnitTests.octest;
			remoteRef = 6E37973811B9BDB60011C497 /* PBXContainerItemProxy */;
			sourceTree = BUILT_PRODUCTS_DIR;
		};
		6E37973D11B9BDB60011C497 /* libThree20UINavigator.a */ = {
			isa = PBXReferenceProxy;
			fileType = archive.ar;
			path = libThree20UINavigator.a;
			remoteRef = 6E37973C11B9BDB60011C497 /* PBXContainerItemProxy */;
			sourceTree = BUILT_PRODUCTS_DIR;
		};
		6E37973F11B9BDB60011C497 /* UnitTests.octest */ = {
			isa = PBXReferenceProxy;
			fileType = wrapper.cfbundle;
			path = UnitTests.octest;
			remoteRef = 6E37973E11B9BDB60011C497 /* PBXContainerItemProxy */;
			sourceTree = BUILT_PRODUCTS_DIR;
		};
		6E37974311B9BDB60011C497 /* libThree20UI.a */ = {
			isa = PBXReferenceProxy;
			fileType = archive.ar;
			path = libThree20UI.a;
			remoteRef = 6E37974211B9BDB60011C497 /* PBXContainerItemProxy */;
			sourceTree = BUILT_PRODUCTS_DIR;
		};
		6E37974511B9BDB60011C497 /* UnitTests.octest */ = {
			isa = PBXReferenceProxy;
			fileType = wrapper.cfbundle;
			path = UnitTests.octest;
			remoteRef = 6E37974411B9BDB60011C497 /* PBXContainerItemProxy */;
			sourceTree = BUILT_PRODUCTS_DIR;
		};
		6EF963E9118E96CA003902E7 /* libThree20.a */ = {
			isa = PBXReferenceProxy;
			fileType = archive.ar;
			path = libThree20.a;
			remoteRef = 6EF963E8118E96CA003902E7 /* PBXContainerItemProxy */;
			sourceTree = BUILT_PRODUCTS_DIR;
		};
		6EF963EB118E96CA003902E7 /* UnitTests.octest */ = {
			isa = PBXReferenceProxy;
			fileType = wrapper.cfbundle;
			path = UnitTests.octest;
			remoteRef = 6EF963EA118E96CA003902E7 /* PBXContainerItemProxy */;
			sourceTree = BUILT_PRODUCTS_DIR;
		};
/* End PBXReferenceProxy section */

/* Begin PBXResourcesBuildPhase section */
		1D60588D0D05DD3D006BFB54 /* Resources */ = {
			isa = PBXResourcesBuildPhase;
			buildActionMask = 2147483647;
			files = (
				EB383D1110BBFC630000B2D2 /* Three20.bundle in Resources */,
				1440243F11FDE545000F936D /* Default.png in Resources */,
				1440244A11FDE545000F936D /* Icon_128.png in Resources */,
				1440244B11FDE545000F936D /* Icon_256.png in Resources */,
				09AED7E111FE4A820040A385 /* AssessmentTableView.xib in Resources */,
			);
			runOnlyForDeploymentPostprocessing = 0;
		};
/* End PBXResourcesBuildPhase section */

/* Begin PBXSourcesBuildPhase section */
		1D60588E0D05DD3D006BFB54 /* Sources */ = {
			isa = PBXSourcesBuildPhase;
			buildActionMask = 2147483647;
			files = (
				1D60589B0D05DD56006BFB54 /* main.m in Sources */,
				28C3AD8A0F43EF2300507BA6 /* landscapes.xcdatamodel in Sources */,
				EB383C0610BBF8A40000B2D2 /* AppDelegate.m in Sources */,
				14EBCDAA11FE195700F36458 /* LauncherViewController.m in Sources */,
				09AED7E011FE4A820040A385 /* AssessmentTableViewController.m in Sources */,
				09AED84011FF29760040A385 /* AssessmentTableViewCell.m in Sources */,
				09F0D04F12037D3900BD9631 /* TreeOverallRecommendation.m in Sources */,
				09F0D05012037D3900BD9631 /* TreeFormRecommendation.m in Sources */,
				09F0D05112037D3900BD9631 /* TreeRootsCondition.m in Sources */,
				09F0D05212037D3900BD9631 /* TreeRootFlareCondition.m in Sources */,
				09F0D05312037D3900BD9631 /* Landscape.m in Sources */,
				09F0D05412037D3900BD9631 /* TreeOverallCondition.m in Sources */,
				09F0D05512037D3900BD9631 /* TreeCrownRecommendation.m in Sources */,
				09F0D05612037D3900BD9631 /* TreeRootFlareRecommendation.m in Sources */,
				09F0D05712037D3900BD9631 /* TreeTrunkCondition.m in Sources */,
				09F0D05812037D3900BD9631 /* Assessment.m in Sources */,
				09F0D05912037D3900BD9631 /* TreeRootsRecommendation.m in Sources */,
				09F0D05A12037D3900BD9631 /* TreeFormCondition.m in Sources */,
				09F0D05B12037D3900BD9631 /* TreeCrownCondition.m in Sources */,
				09F0D05C12037D3900BD9631 /* TreeTrunkRecommendation.m in Sources */,
				09F0D05D12037D3900BD9631 /* AssessmentTree.m in Sources */,
				09F0D05E12037D3900BD9631 /* AssessmentType.m in Sources */,
			);
			runOnlyForDeploymentPostprocessing = 0;
		};
/* End PBXSourcesBuildPhase section */

/* Begin PBXTargetDependency section */
		6E37975011B9BDD70011C497 /* PBXTargetDependency */ = {
			isa = PBXTargetDependency;
			name = Three20Network;
			targetProxy = 6E37974F11B9BDD70011C497 /* PBXContainerItemProxy */;
		};
		6E37975211B9BDD70011C497 /* PBXTargetDependency */ = {
			isa = PBXTargetDependency;
			name = Three20UINavigator;
			targetProxy = 6E37975111B9BDD70011C497 /* PBXContainerItemProxy */;
		};
		6E37975411B9BDD70011C497 /* PBXTargetDependency */ = {
			isa = PBXTargetDependency;
			name = Three20UICommon;
			targetProxy = 6E37975311B9BDD70011C497 /* PBXContainerItemProxy */;
		};
		6E37975611B9BDD70011C497 /* PBXTargetDependency */ = {
			isa = PBXTargetDependency;
			name = Three20Core;
			targetProxy = 6E37975511B9BDD70011C497 /* PBXContainerItemProxy */;
		};
		6E37975811B9BDD70011C497 /* PBXTargetDependency */ = {
			isa = PBXTargetDependency;
			name = Three20Style;
			targetProxy = 6E37975711B9BDD70011C497 /* PBXContainerItemProxy */;
		};
		6E37975A11B9BDD70011C497 /* PBXTargetDependency */ = {
			isa = PBXTargetDependency;
			name = Three20UI;
			targetProxy = 6E37975911B9BDD70011C497 /* PBXContainerItemProxy */;
		};
		6EF963EE118E96CF003902E7 /* PBXTargetDependency */ = {
			isa = PBXTargetDependency;
			name = Three20;
			targetProxy = 6EF963ED118E96CF003902E7 /* PBXContainerItemProxy */;
		};
/* End PBXTargetDependency section */

/* Begin XCBuildConfiguration section */
		1D6058940D05DD3E006BFB54 /* Debug */ = {
			isa = XCBuildConfiguration;
			buildSettings = {
				ALWAYS_SEARCH_USER_PATHS = NO;
				COPY_PHASE_STRIP = NO;
				FRAMEWORK_SEARCH_PATHS = "$(inherited)";
				GCC_DYNAMIC_NO_PIC = NO;
				GCC_OPTIMIZATION_LEVEL = 0;
				GCC_PRECOMPILE_PREFIX_HEADER = YES;
				GCC_PREFIX_HEADER = landscapes_Prefix.pch;
				HEADER_SEARCH_PATHS = ../three20/Build/Products/three20;
				INFOPLIST_FILE = "landscapes-Info.plist";
				LIBRARY_SEARCH_PATHS = (
					"$(inherited)",
					"\"$(SRCROOT)\"",
				);
				OTHER_LDFLAGS = (
					"-all_load",
					"-ObjC",
				);
				PRODUCT_NAME = landscapes;
			};
			name = Debug;
		};
		1D6058950D05DD3E006BFB54 /* Release */ = {
			isa = XCBuildConfiguration;
			buildSettings = {
				ALWAYS_SEARCH_USER_PATHS = NO;
				COPY_PHASE_STRIP = YES;
				FRAMEWORK_SEARCH_PATHS = "$(inherited)";
				GCC_PRECOMPILE_PREFIX_HEADER = YES;
				GCC_PREFIX_HEADER = landscapes_Prefix.pch;
				HEADER_SEARCH_PATHS = ../three20/Build/Products/three20;
				INFOPLIST_FILE = "landscapes-Info.plist";
				LIBRARY_SEARCH_PATHS = (
					"$(inherited)",
					"\"$(SRCROOT)\"",
				);
				OTHER_LDFLAGS = (
					"-all_load",
					"-ObjC",
				);
				PRODUCT_NAME = landscapes;
			};
			name = Release;
		};
		C01FCF4F08A954540054247B /* Debug */ = {
			isa = XCBuildConfiguration;
			buildSettings = {
				ARCHS = "$(ARCHS_STANDARD_32_BIT)";
				"CODE_SIGN_IDENTITY[sdk=iphoneos*]" = "iPhone Developer";
				GCC_C_LANGUAGE_STANDARD = c99;
				GCC_PREPROCESSOR_DEFINITIONS = DEBUG;
				GCC_WARN_ABOUT_RETURN_TYPE = YES;
				GCC_WARN_UNUSED_VARIABLE = YES;
				OTHER_LDFLAGS = "-ObjC";
				PREBINDING = NO;
				SDKROOT = iphonesimulator4.0;
			};
			name = Debug;
		};
		C01FCF5008A954540054247B /* Release */ = {
			isa = XCBuildConfiguration;
			buildSettings = {
				ARCHS = "$(ARCHS_STANDARD_32_BIT)";
				"CODE_SIGN_IDENTITY[sdk=iphoneos*]" = "iPhone Developer";
				GCC_C_LANGUAGE_STANDARD = c99;
				GCC_WARN_ABOUT_RETURN_TYPE = YES;
				GCC_WARN_UNUSED_VARIABLE = YES;
				OTHER_LDFLAGS = "-ObjC";
				PREBINDING = NO;
				SDKROOT = iphonesimulator4.0;
			};
			name = Release;
		};
/* End XCBuildConfiguration section */

/* Begin XCConfigurationList section */
		1D6058960D05DD3E006BFB54 /* Build configuration list for PBXNativeTarget "landscapes" */ = {
			isa = XCConfigurationList;
			buildConfigurations = (
				1D6058940D05DD3E006BFB54 /* Debug */,
				1D6058950D05DD3E006BFB54 /* Release */,
			);
			defaultConfigurationIsVisible = 0;
			defaultConfigurationName = Release;
		};
		C01FCF4E08A954540054247B /* Build configuration list for PBXProject "landscapes" */ = {
			isa = XCConfigurationList;
			buildConfigurations = (
				C01FCF4F08A954540054247B /* Debug */,
				C01FCF5008A954540054247B /* Release */,
			);
			defaultConfigurationIsVisible = 0;
			defaultConfigurationName = Release;
		};
/* End XCConfigurationList section */
	};
	rootObject = 29B97313FDCFA39411CA2CEA /* Project object */;
}
