// !$*UTF8*$!
{
	archiveVersion = 1;
	classes = {
	};
	objectVersion = 45;
	objects = {

/* Begin PBXBuildFile section */
		091E33071207722F0046784A /* Tree-Assessment-113x120.png in Resources */ = {isa = PBXBuildFile; fileRef = 091E33061207722F0046784A /* Tree-Assessment-113x120.png */; };
		091E334512085DF10046784A /* Tree-Assessment-280x295.png in Resources */ = {isa = PBXBuildFile; fileRef = 091E334412085DF00046784A /* Tree-Assessment-280x295.png */; };
		091E33671208622B0046784A /* button-default.png in Resources */ = {isa = PBXBuildFile; fileRef = 091E33661208622B0046784A /* button-default.png */; };
		091E33A812086B5E0046784A /* AssessmentTreeCRViewController.m in Sources */ = {isa = PBXBuildFile; fileRef = 091E33A612086B5E0046784A /* AssessmentTreeCRViewController.m */; };
		091E33A912086B5E0046784A /* AssessmentTreeCRView.xib in Resources */ = {isa = PBXBuildFile; fileRef = 091E33A712086B5E0046784A /* AssessmentTreeCRView.xib */; };
		091E377B1208CADE0046784A /* add_50.png in Resources */ = {isa = PBXBuildFile; fileRef = 091E377A1208CADE0046784A /* add_50.png */; };
		091E39191209C9BD0046784A /* delete_50.png in Resources */ = {isa = PBXBuildFile; fileRef = 091E39181209C9BD0046784A /* delete_50.png */; };
		09462FA0120C5C1800773E50 /* photo_camera_29.png in Resources */ = {isa = PBXBuildFile; fileRef = 09462F9F120C5C1800773E50 /* photo_camera_29.png */; };
		094634461210A7A700773E50 /* DisplayPhoto.m in Sources */ = {isa = PBXBuildFile; fileRef = 094634451210A7A700773E50 /* DisplayPhoto.m */; };
		0946344B1210A81900773E50 /* PhotoSet.m in Sources */ = {isa = PBXBuildFile; fileRef = 0946344A1210A81900773E50 /* PhotoSet.m */; };
		094634501210A86500773E50 /* PhotoViewController.m in Sources */ = {isa = PBXBuildFile; fileRef = 0946344F1210A86500773E50 /* PhotoViewController.m */; };
		09AED7E011FE4A820040A385 /* AssessmentTableViewController.m in Sources */ = {isa = PBXBuildFile; fileRef = 09AED7DE11FE4A820040A385 /* AssessmentTableViewController.m */; };
		09AED7E111FE4A820040A385 /* AssessmentTableView.xib in Resources */ = {isa = PBXBuildFile; fileRef = 09AED7DF11FE4A820040A385 /* AssessmentTableView.xib */; };
		09AED84011FF29760040A385 /* AssessmentTableViewCell.m in Sources */ = {isa = PBXBuildFile; fileRef = 09AED83F11FF29760040A385 /* AssessmentTableViewCell.m */; };
		09EF39D71219E1EE0053E9CA /* landscapes.xcdatamodel in Sources */ = {isa = PBXBuildFile; fileRef = 09EF39D61219E1EE0053E9CA /* landscapes.xcdatamodel */; };
		09EF3A0A1219E2050053E9CA /* TreeRootFlareRecommendation.m in Sources */ = {isa = PBXBuildFile; fileRef = 09EF39DB1219E2050053E9CA /* TreeRootFlareRecommendation.m */; };
		09EF3A0B1219E2050053E9CA /* TreeRoots.m in Sources */ = {isa = PBXBuildFile; fileRef = 09EF39DD1219E2050053E9CA /* TreeRoots.m */; };
		09EF3A0C1219E2050053E9CA /* TreeFormCondition.m in Sources */ = {isa = PBXBuildFile; fileRef = 09EF39DF1219E2050053E9CA /* TreeFormCondition.m */; };
		09EF3A0D1219E2050053E9CA /* TreeCrownRecommendation.m in Sources */ = {isa = PBXBuildFile; fileRef = 09EF39E11219E2050053E9CA /* TreeCrownRecommendation.m */; };
		09EF3A0E1219E2050053E9CA /* Image.m in Sources */ = {isa = PBXBuildFile; fileRef = 09EF39E31219E2050053E9CA /* Image.m */; };
		09EF3A0F1219E2050053E9CA /* AssessmentType.m in Sources */ = {isa = PBXBuildFile; fileRef = 09EF39E51219E2050053E9CA /* AssessmentType.m */; };
		09EF3A101219E2050053E9CA /* TreeTrunk.m in Sources */ = {isa = PBXBuildFile; fileRef = 09EF39E71219E2050053E9CA /* TreeTrunk.m */; };
		09EF3A111219E2050053E9CA /* TreeRootsRecommendation.m in Sources */ = {isa = PBXBuildFile; fileRef = 09EF39E91219E2050053E9CA /* TreeRootsRecommendation.m */; };
		09EF3A121219E2050053E9CA /* TreeOverall.m in Sources */ = {isa = PBXBuildFile; fileRef = 09EF39EB1219E2050053E9CA /* TreeOverall.m */; };
		09EF3A131219E2050053E9CA /* TreeOverallRecommendation.m in Sources */ = {isa = PBXBuildFile; fileRef = 09EF39ED1219E2050053E9CA /* TreeOverallRecommendation.m */; };
		09EF3A141219E2050053E9CA /* TreeOverallCondition.m in Sources */ = {isa = PBXBuildFile; fileRef = 09EF39EF1219E2050053E9CA /* TreeOverallCondition.m */; };
		09EF3A151219E2050053E9CA /* AssessmentTree.m in Sources */ = {isa = PBXBuildFile; fileRef = 09EF39F11219E2050053E9CA /* AssessmentTree.m */; };
		09EF3A161219E2050053E9CA /* TreeFormRecommendation.m in Sources */ = {isa = PBXBuildFile; fileRef = 09EF39F31219E2050053E9CA /* TreeFormRecommendation.m */; };
		09EF3A171219E2050053E9CA /* TreeForm.m in Sources */ = {isa = PBXBuildFile; fileRef = 09EF39F51219E2050053E9CA /* TreeForm.m */; };
		09EF3A181219E2050053E9CA /* TreeRootFlare.m in Sources */ = {isa = PBXBuildFile; fileRef = 09EF39F71219E2050053E9CA /* TreeRootFlare.m */; };
		09EF3A191219E2050053E9CA /* TreeTrunkCondition.m in Sources */ = {isa = PBXBuildFile; fileRef = 09EF39F91219E2050053E9CA /* TreeTrunkCondition.m */; };
		09EF3A1A1219E2050053E9CA /* TreeTrunkRecommendation.m in Sources */ = {isa = PBXBuildFile; fileRef = 09EF39FB1219E2050053E9CA /* TreeTrunkRecommendation.m */; };
		09EF3A1B1219E2050053E9CA /* TreeRootFlareCondition.m in Sources */ = {isa = PBXBuildFile; fileRef = 09EF39FD1219E2050053E9CA /* TreeRootFlareCondition.m */; };
		09EF3A1C1219E2050053E9CA /* TreeCrownCondition.m in Sources */ = {isa = PBXBuildFile; fileRef = 09EF39FF1219E2050053E9CA /* TreeCrownCondition.m */; };
		09EF3A1D1219E2050053E9CA /* Landscape.m in Sources */ = {isa = PBXBuildFile; fileRef = 09EF3A011219E2050053E9CA /* Landscape.m */; };
		09EF3A1E1219E2050053E9CA /* Photo.m in Sources */ = {isa = PBXBuildFile; fileRef = 09EF3A031219E2050053E9CA /* Photo.m */; };
		09EF3A1F1219E2050053E9CA /* TreeCrown.m in Sources */ = {isa = PBXBuildFile; fileRef = 09EF3A051219E2050053E9CA /* TreeCrown.m */; };
		09EF3A201219E2050053E9CA /* Assessment.m in Sources */ = {isa = PBXBuildFile; fileRef = 09EF3A071219E2050053E9CA /* Assessment.m */; };
		09EF3A211219E2050053E9CA /* TreeRootsCondition.m in Sources */ = {isa = PBXBuildFile; fileRef = 09EF3A091219E2050053E9CA /* TreeRootsCondition.m */; };
		09F0D0DD1207199F00BD9631 /* AssessmentTableViewCell.xib in Resources */ = {isa = PBXBuildFile; fileRef = 09F0D0DC1207199F00BD9631 /* AssessmentTableViewCell.xib */; };
		09F0D136120722F800BD9631 /* AssessmentTreeViewAndInputController.m in Sources */ = {isa = PBXBuildFile; fileRef = 09F0D134120722F800BD9631 /* AssessmentTreeViewAndInputController.m */; };
		09F0D137120722F800BD9631 /* AssessmentTreeViewAndInput.xib in Resources */ = {isa = PBXBuildFile; fileRef = 09F0D135120722F800BD9631 /* AssessmentTreeViewAndInput.xib */; };
		09F2955E1214417500783F36 /* icon_trash.png in Resources */ = {isa = PBXBuildFile; fileRef = 09F2955C1214417500783F36 /* icon_trash.png */; };
		09F2955F1214417500783F36 /* notes_100.png in Resources */ = {isa = PBXBuildFile; fileRef = 09F2955D1214417500783F36 /* notes_100.png */; };
		09F29BD61215A2FB00783F36 /* button-notdone.png in Resources */ = {isa = PBXBuildFile; fileRef = 09F29BD51215A2FB00783F36 /* button-notdone.png */; };
		1429CE9112135575007F912D /* ReadMe.txt in Resources */ = {isa = PBXBuildFile; fileRef = 1429CE9012135575007F912D /* ReadMe.txt */; };
		14327C1C12138D280087D958 /* parks-57.png in Resources */ = {isa = PBXBuildFile; fileRef = 14327C1B12138D280087D958 /* parks-57.png */; };
		14327C1E12138E890087D958 /* wildlife-57.png in Resources */ = {isa = PBXBuildFile; fileRef = 14327C1D12138E890087D958 /* wildlife-57.png */; };
		1440243F11FDE545000F936D /* Default.png in Resources */ = {isa = PBXBuildFile; fileRef = 1440243011FDE545000F936D /* Default.png */; };
		1440244A11FDE545000F936D /* Icon_128.png in Resources */ = {isa = PBXBuildFile; fileRef = 1440243B11FDE545000F936D /* Icon_128.png */; };
		1440244B11FDE545000F936D /* Icon_256.png in Resources */ = {isa = PBXBuildFile; fileRef = 1440243C11FDE545000F936D /* Icon_256.png */; };
		1464EB83120AC64600F21DCE /* archeologist-57.png in Resources */ = {isa = PBXBuildFile; fileRef = 1464EB76120AC64600F21DCE /* archeologist-57.png */; };
		1464EB84120AC64600F21DCE /* structures-57.png in Resources */ = {isa = PBXBuildFile; fileRef = 1464EB77120AC64600F21DCE /* structures-57.png */; };
		1464EB85120AC64600F21DCE /* assessments-57.png in Resources */ = {isa = PBXBuildFile; fileRef = 1464EB78120AC64600F21DCE /* assessments-57.png */; };
		1464EB86120AC64600F21DCE /* cemetery-57.png in Resources */ = {isa = PBXBuildFile; fileRef = 1464EB79120AC64600F21DCE /* cemetery-57.png */; };
		1464EB87120AC64600F21DCE /* inventory-57.png in Resources */ = {isa = PBXBuildFile; fileRef = 1464EB7A120AC64600F21DCE /* inventory-57.png */; };
		1464EB89120AC64600F21DCE /* maps-57.png in Resources */ = {isa = PBXBuildFile; fileRef = 1464EB7C120AC64600F21DCE /* maps-57.png */; };
		1464EB8A120AC64600F21DCE /* ncptt-57.png in Resources */ = {isa = PBXBuildFile; fileRef = 1464EB7D120AC64600F21DCE /* ncptt-57.png */; };
		1464EB8B120AC64600F21DCE /* photos-57.png in Resources */ = {isa = PBXBuildFile; fileRef = 1464EB7E120AC64600F21DCE /* photos-57.png */; };
		1464EB8C120AC64600F21DCE /* settings-57.png in Resources */ = {isa = PBXBuildFile; fileRef = 1464EB7F120AC64600F21DCE /* settings-57.png */; };
		1464EB8D120AC64600F21DCE /* tasks-57.png in Resources */ = {isa = PBXBuildFile; fileRef = 1464EB80120AC64600F21DCE /* tasks-57.png */; };
		1464EB8E120AC64600F21DCE /* vegetation-57.png in Resources */ = {isa = PBXBuildFile; fileRef = 1464EB81120AC64600F21DCE /* vegetation-57.png */; };
		14C23D241214DEBD00AA2678 /* tree-57.png in Resources */ = {isa = PBXBuildFile; fileRef = 14C23D231214DEBD00AA2678 /* tree-57.png */; };
		14C23D2A1214E4E900AA2678 /* NPS-57.png in Resources */ = {isa = PBXBuildFile; fileRef = 14C23D291214E4E900AA2678 /* NPS-57.png */; };
		14C23DD51214F05600AA2678 /* edit_50.png in Resources */ = {isa = PBXBuildFile; fileRef = 14C23DD41214F05600AA2678 /* edit_50.png */; };
		14DCC6C211FDE35500A98045 /* CoreLocation.framework in Frameworks */ = {isa = PBXBuildFile; fileRef = 14DCC6C111FDE35500A98045 /* CoreLocation.framework */; };
		14E30BBA1211E9C70058C7C6 /* landscapes-57.png in Resources */ = {isa = PBXBuildFile; fileRef = 14E30BB91211E9C70058C7C6 /* landscapes-57.png */; };
		14EBCDAA11FE195700F36458 /* LauncherViewController.m in Sources */ = {isa = PBXBuildFile; fileRef = 14EBCDA911FE195700F36458 /* LauncherViewController.m */; };
		1D60589B0D05DD56006BFB54 /* main.m in Sources */ = {isa = PBXBuildFile; fileRef = 29B97316FDCFA39411CA2CEA /* main.m */; };
		1D60589F0D05DD5A006BFB54 /* Foundation.framework in Frameworks */ = {isa = PBXBuildFile; fileRef = 1D30AB110D05D00D00671497 /* Foundation.framework */; };
		1DF5F4E00D08C38300B7A737 /* UIKit.framework in Frameworks */ = {isa = PBXBuildFile; fileRef = 1DF5F4DF0D08C38300B7A737 /* UIKit.framework */; };
		288765A50DF7441C002DB57D /* CoreGraphics.framework in Frameworks */ = {isa = PBXBuildFile; fileRef = 288765A40DF7441C002DB57D /* CoreGraphics.framework */; };
		28D801B40F44B63D00FB423F /* CoreData.framework in Frameworks */ = {isa = PBXBuildFile; fileRef = 28D801B30F44B63D00FB423F /* CoreData.framework */; };
		6E37974911B9BDCB0011C497 /* libThree20Core.a in Frameworks */ = {isa = PBXBuildFile; fileRef = 6E37972511B9BDB60011C497 /* libThree20Core.a */; };
		6E37974A11B9BDCB0011C497 /* libThree20Network.a in Frameworks */ = {isa = PBXBuildFile; fileRef = 6E37972B11B9BDB60011C497 /* libThree20Network.a */; };
		6E37974B11B9BDCC0011C497 /* libThree20Style.a in Frameworks */ = {isa = PBXBuildFile; fileRef = 6E37973111B9BDB60011C497 /* libThree20Style.a */; };
		6E37974C11B9BDCC0011C497 /* libThree20UI.a in Frameworks */ = {isa = PBXBuildFile; fileRef = 6E37974311B9BDB60011C497 /* libThree20UI.a */; };
		6E37974D11B9BDCC0011C497 /* libThree20UICommon.a in Frameworks */ = {isa = PBXBuildFile; fileRef = 6E37973711B9BDB60011C497 /* libThree20UICommon.a */; };
		6E37974E11B9BDCD0011C497 /* libThree20UINavigator.a in Frameworks */ = {isa = PBXBuildFile; fileRef = 6E37973D11B9BDB60011C497 /* libThree20UINavigator.a */; };
		6EF963EC118E96CC003902E7 /* libThree20.a in Frameworks */ = {isa = PBXBuildFile; fileRef = 6EF963E9118E96CA003902E7 /* libThree20.a */; };
		EB383C0610BBF8A40000B2D2 /* AppDelegate.m in Sources */ = {isa = PBXBuildFile; fileRef = EB383C0510BBF8A40000B2D2 /* AppDelegate.m */; };
		EB383C1410BBF8C70000B2D2 /* QuartzCore.framework in Frameworks */ = {isa = PBXBuildFile; fileRef = EB383C1310BBF8C70000B2D2 /* QuartzCore.framework */; };
		EB383D1110BBFC630000B2D2 /* Three20.bundle in Resources */ = {isa = PBXBuildFile; fileRef = EB383D1010BBFC630000B2D2 /* Three20.bundle */; };
/* End PBXBuildFile section */

/* Begin PBXContainerItemProxy section */
		6E37972411B9BDB60011C497 /* PBXContainerItemProxy */ = {
			isa = PBXContainerItemProxy;
			containerPortal = 6E37971011B9BDB60011C497 /* Three20Core.xcodeproj */;
			proxyType = 2;
			remoteGlobalIDString = BEF31F3A0F352DF5000DE5D2;
			remoteInfo = Three20Core;
		};
		6E37972611B9BDB60011C497 /* PBXContainerItemProxy */ = {
			isa = PBXContainerItemProxy;
			containerPortal = 6E37971011B9BDB60011C497 /* Three20Core.xcodeproj */;
			proxyType = 2;
			remoteGlobalIDString = EB9E6C6210B6A8F800DE563C;
			remoteInfo = UnitTests;
		};
		6E37972A11B9BDB60011C497 /* PBXContainerItemProxy */ = {
			isa = PBXContainerItemProxy;
			containerPortal = 6E37971311B9BDB60011C497 /* Three20Network.xcodeproj */;
			proxyType = 2;
			remoteGlobalIDString = BEF31F3A0F352DF5000DE5D2;
			remoteInfo = Three20Network;
		};
		6E37972C11B9BDB60011C497 /* PBXContainerItemProxy */ = {
			isa = PBXContainerItemProxy;
			containerPortal = 6E37971311B9BDB60011C497 /* Three20Network.xcodeproj */;
			proxyType = 2;
			remoteGlobalIDString = EB9E6C6210B6A8F800DE563C;
			remoteInfo = UnitTests;
		};
		6E37973011B9BDB60011C497 /* PBXContainerItemProxy */ = {
			isa = PBXContainerItemProxy;
			containerPortal = 6E37971611B9BDB60011C497 /* Three20Style.xcodeproj */;
			proxyType = 2;
			remoteGlobalIDString = BEF31F3A0F352DF5000DE5D2;
			remoteInfo = Three20Style;
		};
		6E37973211B9BDB60011C497 /* PBXContainerItemProxy */ = {
			isa = PBXContainerItemProxy;
			containerPortal = 6E37971611B9BDB60011C497 /* Three20Style.xcodeproj */;
			proxyType = 2;
			remoteGlobalIDString = EB9E6C6210B6A8F800DE563C;
			remoteInfo = UnitTests;
		};
		6E37973611B9BDB60011C497 /* PBXContainerItemProxy */ = {
			isa = PBXContainerItemProxy;
			containerPortal = 6E37971911B9BDB60011C497 /* Three20UICommon.xcodeproj */;
			proxyType = 2;
			remoteGlobalIDString = BEF31F3A0F352DF5000DE5D2;
			remoteInfo = Three20UICommon;
		};
		6E37973811B9BDB60011C497 /* PBXContainerItemProxy */ = {
			isa = PBXContainerItemProxy;
			containerPortal = 6E37971911B9BDB60011C497 /* Three20UICommon.xcodeproj */;
			proxyType = 2;
			remoteGlobalIDString = EB9E6C6210B6A8F800DE563C;
			remoteInfo = UnitTests;
		};
		6E37973C11B9BDB60011C497 /* PBXContainerItemProxy */ = {
			isa = PBXContainerItemProxy;
			containerPortal = 6E37971C11B9BDB60011C497 /* Three20UINavigator.xcodeproj */;
			proxyType = 2;
			remoteGlobalIDString = BEF31F3A0F352DF5000DE5D2;
			remoteInfo = Three20UINavigator;
		};
		6E37973E11B9BDB60011C497 /* PBXContainerItemProxy */ = {
			isa = PBXContainerItemProxy;
			containerPortal = 6E37971C11B9BDB60011C497 /* Three20UINavigator.xcodeproj */;
			proxyType = 2;
			remoteGlobalIDString = EB9E6C6210B6A8F800DE563C;
			remoteInfo = UnitTests;
		};
		6E37974211B9BDB60011C497 /* PBXContainerItemProxy */ = {
			isa = PBXContainerItemProxy;
			containerPortal = 6E37971F11B9BDB60011C497 /* Three20UI.xcodeproj */;
			proxyType = 2;
			remoteGlobalIDString = BEF31F3A0F352DF5000DE5D2;
			remoteInfo = Three20UI;
		};
		6E37974411B9BDB60011C497 /* PBXContainerItemProxy */ = {
			isa = PBXContainerItemProxy;
			containerPortal = 6E37971F11B9BDB60011C497 /* Three20UI.xcodeproj */;
			proxyType = 2;
			remoteGlobalIDString = EB9E6C6210B6A8F800DE563C;
			remoteInfo = UnitTests;
		};
		6E37974F11B9BDD70011C497 /* PBXContainerItemProxy */ = {
			isa = PBXContainerItemProxy;
			containerPortal = 6E37971311B9BDB60011C497 /* Three20Network.xcodeproj */;
			proxyType = 1;
			remoteGlobalIDString = BEF31F390F352DF5000DE5D2;
			remoteInfo = Three20Network;
		};
		6E37975111B9BDD70011C497 /* PBXContainerItemProxy */ = {
			isa = PBXContainerItemProxy;
			containerPortal = 6E37971C11B9BDB60011C497 /* Three20UINavigator.xcodeproj */;
			proxyType = 1;
			remoteGlobalIDString = BEF31F390F352DF5000DE5D2;
			remoteInfo = Three20UINavigator;
		};
		6E37975311B9BDD70011C497 /* PBXContainerItemProxy */ = {
			isa = PBXContainerItemProxy;
			containerPortal = 6E37971911B9BDB60011C497 /* Three20UICommon.xcodeproj */;
			proxyType = 1;
			remoteGlobalIDString = BEF31F390F352DF5000DE5D2;
			remoteInfo = Three20UICommon;
		};
		6E37975511B9BDD70011C497 /* PBXContainerItemProxy */ = {
			isa = PBXContainerItemProxy;
			containerPortal = 6E37971011B9BDB60011C497 /* Three20Core.xcodeproj */;
			proxyType = 1;
			remoteGlobalIDString = BEF31F390F352DF5000DE5D2;
			remoteInfo = Three20Core;
		};
		6E37975711B9BDD70011C497 /* PBXContainerItemProxy */ = {
			isa = PBXContainerItemProxy;
			containerPortal = 6E37971611B9BDB60011C497 /* Three20Style.xcodeproj */;
			proxyType = 1;
			remoteGlobalIDString = BEF31F390F352DF5000DE5D2;
			remoteInfo = Three20Style;
		};
		6E37975911B9BDD70011C497 /* PBXContainerItemProxy */ = {
			isa = PBXContainerItemProxy;
			containerPortal = 6E37971F11B9BDB60011C497 /* Three20UI.xcodeproj */;
			proxyType = 1;
			remoteGlobalIDString = BEF31F390F352DF5000DE5D2;
			remoteInfo = Three20UI;
		};
		6EF963E8118E96CA003902E7 /* PBXContainerItemProxy */ = {
			isa = PBXContainerItemProxy;
			containerPortal = 6EF963BD118E96C9003902E7 /* Three20.xcodeproj */;
			proxyType = 2;
			remoteGlobalIDString = BEF31F3A0F352DF5000DE5D2;
			remoteInfo = Three20;
		};
		6EF963EA118E96CA003902E7 /* PBXContainerItemProxy */ = {
			isa = PBXContainerItemProxy;
			containerPortal = 6EF963BD118E96C9003902E7 /* Three20.xcodeproj */;
			proxyType = 2;
			remoteGlobalIDString = EB9E6C6210B6A8F800DE563C;
			remoteInfo = UnitTests;
		};
		6EF963ED118E96CF003902E7 /* PBXContainerItemProxy */ = {
			isa = PBXContainerItemProxy;
			containerPortal = 6EF963BD118E96C9003902E7 /* Three20.xcodeproj */;
			proxyType = 1;
			remoteGlobalIDString = BEF31F390F352DF5000DE5D2;
			remoteInfo = Three20;
		};
/* End PBXContainerItemProxy section */

/* Begin PBXFileReference section */
		091E33061207722F0046784A /* Tree-Assessment-113x120.png */ = {isa = PBXFileReference; lastKnownFileType = image.png; path = "Tree-Assessment-113x120.png"; sourceTree = "<group>"; };
		091E334412085DF00046784A /* Tree-Assessment-280x295.png */ = {isa = PBXFileReference; lastKnownFileType = image.png; path = "Tree-Assessment-280x295.png"; sourceTree = "<group>"; };
		091E33661208622B0046784A /* button-default.png */ = {isa = PBXFileReference; lastKnownFileType = image.png; path = "button-default.png"; sourceTree = "<group>"; };
		091E33A512086B5E0046784A /* AssessmentTreeCRViewController.h */ = {isa = PBXFileReference; fileEncoding = 4; lastKnownFileType = sourcecode.c.h; path = AssessmentTreeCRViewController.h; sourceTree = "<group>"; };
		091E33A612086B5E0046784A /* AssessmentTreeCRViewController.m */ = {isa = PBXFileReference; fileEncoding = 4; lastKnownFileType = sourcecode.c.objc; path = AssessmentTreeCRViewController.m; sourceTree = "<group>"; };
		091E33A712086B5E0046784A /* AssessmentTreeCRView.xib */ = {isa = PBXFileReference; lastKnownFileType = file.xib; name = AssessmentTreeCRView.xib; path = Classes/AssessmentTreeCRView.xib; sourceTree = "<group>"; };
		091E377A1208CADE0046784A /* add_50.png */ = {isa = PBXFileReference; lastKnownFileType = image.png; path = add_50.png; sourceTree = "<group>"; };
		091E39181209C9BD0046784A /* delete_50.png */ = {isa = PBXFileReference; lastKnownFileType = image.png; path = delete_50.png; sourceTree = "<group>"; };
		09462F9F120C5C1800773E50 /* photo_camera_29.png */ = {isa = PBXFileReference; lastKnownFileType = image.png; path = photo_camera_29.png; sourceTree = "<group>"; };
		094634441210A7A700773E50 /* DisplayPhoto.h */ = {isa = PBXFileReference; fileEncoding = 4; lastKnownFileType = sourcecode.c.h; path = DisplayPhoto.h; sourceTree = "<group>"; };
		094634451210A7A700773E50 /* DisplayPhoto.m */ = {isa = PBXFileReference; fileEncoding = 4; lastKnownFileType = sourcecode.c.objc; path = DisplayPhoto.m; sourceTree = "<group>"; };
		094634491210A81900773E50 /* PhotoSet.h */ = {isa = PBXFileReference; fileEncoding = 4; lastKnownFileType = sourcecode.c.h; path = PhotoSet.h; sourceTree = "<group>"; };
		0946344A1210A81900773E50 /* PhotoSet.m */ = {isa = PBXFileReference; fileEncoding = 4; lastKnownFileType = sourcecode.c.objc; path = PhotoSet.m; sourceTree = "<group>"; };
		0946344E1210A86500773E50 /* PhotoViewController.h */ = {isa = PBXFileReference; fileEncoding = 4; lastKnownFileType = sourcecode.c.h; path = PhotoViewController.h; sourceTree = "<group>"; };
		0946344F1210A86500773E50 /* PhotoViewController.m */ = {isa = PBXFileReference; fileEncoding = 4; lastKnownFileType = sourcecode.c.objc; path = PhotoViewController.m; sourceTree = "<group>"; };
		09AED7DD11FE4A820040A385 /* AssessmentTableViewController.h */ = {isa = PBXFileReference; fileEncoding = 4; lastKnownFileType = sourcecode.c.h; name = AssessmentTableViewController.h; path = ../AssessmentTableViewController.h; sourceTree = "<group>"; };
		09AED7DE11FE4A820040A385 /* AssessmentTableViewController.m */ = {isa = PBXFileReference; fileEncoding = 4; lastKnownFileType = sourcecode.c.objc; name = AssessmentTableViewController.m; path = ../AssessmentTableViewController.m; sourceTree = "<group>"; };
		09AED7DF11FE4A820040A385 /* AssessmentTableView.xib */ = {isa = PBXFileReference; lastKnownFileType = file.xib; path = AssessmentTableView.xib; sourceTree = "<group>"; };
		09AED83E11FF29760040A385 /* AssessmentTableViewCell.h */ = {isa = PBXFileReference; fileEncoding = 4; lastKnownFileType = sourcecode.c.h; path = AssessmentTableViewCell.h; sourceTree = "<group>"; };
		09AED83F11FF29760040A385 /* AssessmentTableViewCell.m */ = {isa = PBXFileReference; fileEncoding = 4; lastKnownFileType = sourcecode.c.objc; path = AssessmentTableViewCell.m; sourceTree = "<group>"; };
		09EF39D61219E1EE0053E9CA /* landscapes.xcdatamodel */ = {isa = PBXFileReference; fileEncoding = 4; lastKnownFileType = wrapper.xcdatamodel; path = landscapes.xcdatamodel; sourceTree = "<group>"; };
		09EF39DA1219E2050053E9CA /* TreeRootFlareRecommendation.h */ = {isa = PBXFileReference; fileEncoding = 4; lastKnownFileType = sourcecode.c.h; name = TreeRootFlareRecommendation.h; path = ../TreeRootFlareRecommendation.h; sourceTree = "<group>"; };
		09EF39DB1219E2050053E9CA /* TreeRootFlareRecommendation.m */ = {isa = PBXFileReference; fileEncoding = 4; lastKnownFileType = sourcecode.c.objc; name = TreeRootFlareRecommendation.m; path = ../TreeRootFlareRecommendation.m; sourceTree = "<group>"; };
		09EF39DC1219E2050053E9CA /* TreeRoots.h */ = {isa = PBXFileReference; fileEncoding = 4; lastKnownFileType = sourcecode.c.h; name = TreeRoots.h; path = ../TreeRoots.h; sourceTree = "<group>"; };
		09EF39DD1219E2050053E9CA /* TreeRoots.m */ = {isa = PBXFileReference; fileEncoding = 4; lastKnownFileType = sourcecode.c.objc; name = TreeRoots.m; path = ../TreeRoots.m; sourceTree = "<group>"; };
		09EF39DE1219E2050053E9CA /* TreeFormCondition.h */ = {isa = PBXFileReference; fileEncoding = 4; lastKnownFileType = sourcecode.c.h; name = TreeFormCondition.h; path = ../TreeFormCondition.h; sourceTree = "<group>"; };
		09EF39DF1219E2050053E9CA /* TreeFormCondition.m */ = {isa = PBXFileReference; fileEncoding = 4; lastKnownFileType = sourcecode.c.objc; name = TreeFormCondition.m; path = ../TreeFormCondition.m; sourceTree = "<group>"; };
		09EF39E01219E2050053E9CA /* TreeCrownRecommendation.h */ = {isa = PBXFileReference; fileEncoding = 4; lastKnownFileType = sourcecode.c.h; name = TreeCrownRecommendation.h; path = ../TreeCrownRecommendation.h; sourceTree = "<group>"; };
		09EF39E11219E2050053E9CA /* TreeCrownRecommendation.m */ = {isa = PBXFileReference; fileEncoding = 4; lastKnownFileType = sourcecode.c.objc; name = TreeCrownRecommendation.m; path = ../TreeCrownRecommendation.m; sourceTree = "<group>"; };
		09EF39E21219E2050053E9CA /* Image.h */ = {isa = PBXFileReference; fileEncoding = 4; lastKnownFileType = sourcecode.c.h; name = Image.h; path = ../Image.h; sourceTree = "<group>"; };
		09EF39E31219E2050053E9CA /* Image.m */ = {isa = PBXFileReference; fileEncoding = 4; lastKnownFileType = sourcecode.c.objc; name = Image.m; path = ../Image.m; sourceTree = "<group>"; };
		09EF39E41219E2050053E9CA /* AssessmentType.h */ = {isa = PBXFileReference; fileEncoding = 4; lastKnownFileType = sourcecode.c.h; name = AssessmentType.h; path = ../AssessmentType.h; sourceTree = "<group>"; };
		09EF39E51219E2050053E9CA /* AssessmentType.m */ = {isa = PBXFileReference; fileEncoding = 4; lastKnownFileType = sourcecode.c.objc; name = AssessmentType.m; path = ../AssessmentType.m; sourceTree = "<group>"; };
		09EF39E61219E2050053E9CA /* TreeTrunk.h */ = {isa = PBXFileReference; fileEncoding = 4; lastKnownFileType = sourcecode.c.h; name = TreeTrunk.h; path = ../TreeTrunk.h; sourceTree = "<group>"; };
		09EF39E71219E2050053E9CA /* TreeTrunk.m */ = {isa = PBXFileReference; fileEncoding = 4; lastKnownFileType = sourcecode.c.objc; name = TreeTrunk.m; path = ../TreeTrunk.m; sourceTree = "<group>"; };
		09EF39E81219E2050053E9CA /* TreeRootsRecommendation.h */ = {isa = PBXFileReference; fileEncoding = 4; lastKnownFileType = sourcecode.c.h; name = TreeRootsRecommendation.h; path = ../TreeRootsRecommendation.h; sourceTree = "<group>"; };
		09EF39E91219E2050053E9CA /* TreeRootsRecommendation.m */ = {isa = PBXFileReference; fileEncoding = 4; lastKnownFileType = sourcecode.c.objc; name = TreeRootsRecommendation.m; path = ../TreeRootsRecommendation.m; sourceTree = "<group>"; };
		09EF39EA1219E2050053E9CA /* TreeOverall.h */ = {isa = PBXFileReference; fileEncoding = 4; lastKnownFileType = sourcecode.c.h; name = TreeOverall.h; path = ../TreeOverall.h; sourceTree = "<group>"; };
		09EF39EB1219E2050053E9CA /* TreeOverall.m */ = {isa = PBXFileReference; fileEncoding = 4; lastKnownFileType = sourcecode.c.objc; name = TreeOverall.m; path = ../TreeOverall.m; sourceTree = "<group>"; };
		09EF39EC1219E2050053E9CA /* TreeOverallRecommendation.h */ = {isa = PBXFileReference; fileEncoding = 4; lastKnownFileType = sourcecode.c.h; name = TreeOverallRecommendation.h; path = ../TreeOverallRecommendation.h; sourceTree = "<group>"; };
		09EF39ED1219E2050053E9CA /* TreeOverallRecommendation.m */ = {isa = PBXFileReference; fileEncoding = 4; lastKnownFileType = sourcecode.c.objc; name = TreeOverallRecommendation.m; path = ../TreeOverallRecommendation.m; sourceTree = "<group>"; };
		09EF39EE1219E2050053E9CA /* TreeOverallCondition.h */ = {isa = PBXFileReference; fileEncoding = 4; lastKnownFileType = sourcecode.c.h; name = TreeOverallCondition.h; path = ../TreeOverallCondition.h; sourceTree = "<group>"; };
		09EF39EF1219E2050053E9CA /* TreeOverallCondition.m */ = {isa = PBXFileReference; fileEncoding = 4; lastKnownFileType = sourcecode.c.objc; name = TreeOverallCondition.m; path = ../TreeOverallCondition.m; sourceTree = "<group>"; };
		09EF39F01219E2050053E9CA /* AssessmentTree.h */ = {isa = PBXFileReference; fileEncoding = 4; lastKnownFileType = sourcecode.c.h; name = AssessmentTree.h; path = ../AssessmentTree.h; sourceTree = "<group>"; };
		09EF39F11219E2050053E9CA /* AssessmentTree.m */ = {isa = PBXFileReference; fileEncoding = 4; lastKnownFileType = sourcecode.c.objc; name = AssessmentTree.m; path = ../AssessmentTree.m; sourceTree = "<group>"; };
		09EF39F21219E2050053E9CA /* TreeFormRecommendation.h */ = {isa = PBXFileReference; fileEncoding = 4; lastKnownFileType = sourcecode.c.h; name = TreeFormRecommendation.h; path = ../TreeFormRecommendation.h; sourceTree = "<group>"; };
		09EF39F31219E2050053E9CA /* TreeFormRecommendation.m */ = {isa = PBXFileReference; fileEncoding = 4; lastKnownFileType = sourcecode.c.objc; name = TreeFormRecommendation.m; path = ../TreeFormRecommendation.m; sourceTree = "<group>"; };
		09EF39F41219E2050053E9CA /* TreeForm.h */ = {isa = PBXFileReference; fileEncoding = 4; lastKnownFileType = sourcecode.c.h; name = TreeForm.h; path = ../TreeForm.h; sourceTree = "<group>"; };
		09EF39F51219E2050053E9CA /* TreeForm.m */ = {isa = PBXFileReference; fileEncoding = 4; lastKnownFileType = sourcecode.c.objc; name = TreeForm.m; path = ../TreeForm.m; sourceTree = "<group>"; };
		09EF39F61219E2050053E9CA /* TreeRootFlare.h */ = {isa = PBXFileReference; fileEncoding = 4; lastKnownFileType = sourcecode.c.h; name = TreeRootFlare.h; path = ../TreeRootFlare.h; sourceTree = "<group>"; };
		09EF39F71219E2050053E9CA /* TreeRootFlare.m */ = {isa = PBXFileReference; fileEncoding = 4; lastKnownFileType = sourcecode.c.objc; name = TreeRootFlare.m; path = ../TreeRootFlare.m; sourceTree = "<group>"; };
		09EF39F81219E2050053E9CA /* TreeTrunkCondition.h */ = {isa = PBXFileReference; fileEncoding = 4; lastKnownFileType = sourcecode.c.h; name = TreeTrunkCondition.h; path = ../TreeTrunkCondition.h; sourceTree = "<group>"; };
		09EF39F91219E2050053E9CA /* TreeTrunkCondition.m */ = {isa = PBXFileReference; fileEncoding = 4; lastKnownFileType = sourcecode.c.objc; name = TreeTrunkCondition.m; path = ../TreeTrunkCondition.m; sourceTree = "<group>"; };
		09EF39FA1219E2050053E9CA /* TreeTrunkRecommendation.h */ = {isa = PBXFileReference; fileEncoding = 4; lastKnownFileType = sourcecode.c.h; name = TreeTrunkRecommendation.h; path = ../TreeTrunkRecommendation.h; sourceTree = "<group>"; };
		09EF39FB1219E2050053E9CA /* TreeTrunkRecommendation.m */ = {isa = PBXFileReference; fileEncoding = 4; lastKnownFileType = sourcecode.c.objc; name = TreeTrunkRecommendation.m; path = ../TreeTrunkRecommendation.m; sourceTree = "<group>"; };
		09EF39FC1219E2050053E9CA /* TreeRootFlareCondition.h */ = {isa = PBXFileReference; fileEncoding = 4; lastKnownFileType = sourcecode.c.h; name = TreeRootFlareCondition.h; path = ../TreeRootFlareCondition.h; sourceTree = "<group>"; };
		09EF39FD1219E2050053E9CA /* TreeRootFlareCondition.m */ = {isa = PBXFileReference; fileEncoding = 4; lastKnownFileType = sourcecode.c.objc; name = TreeRootFlareCondition.m; path = ../TreeRootFlareCondition.m; sourceTree = "<group>"; };
		09EF39FE1219E2050053E9CA /* TreeCrownCondition.h */ = {isa = PBXFileReference; fileEncoding = 4; lastKnownFileType = sourcecode.c.h; name = TreeCrownCondition.h; path = ../TreeCrownCondition.h; sourceTree = "<group>"; };
		09EF39FF1219E2050053E9CA /* TreeCrownCondition.m */ = {isa = PBXFileReference; fileEncoding = 4; lastKnownFileType = sourcecode.c.objc; name = TreeCrownCondition.m; path = ../TreeCrownCondition.m; sourceTree = "<group>"; };
		09EF3A001219E2050053E9CA /* Landscape.h */ = {isa = PBXFileReference; fileEncoding = 4; lastKnownFileType = sourcecode.c.h; name = Landscape.h; path = ../Landscape.h; sourceTree = "<group>"; };
		09EF3A011219E2050053E9CA /* Landscape.m */ = {isa = PBXFileReference; fileEncoding = 4; lastKnownFileType = sourcecode.c.objc; name = Landscape.m; path = ../Landscape.m; sourceTree = "<group>"; };
		09EF3A021219E2050053E9CA /* Photo.h */ = {isa = PBXFileReference; fileEncoding = 4; lastKnownFileType = sourcecode.c.h; name = Photo.h; path = ../Photo.h; sourceTree = "<group>"; };
		09EF3A031219E2050053E9CA /* Photo.m */ = {isa = PBXFileReference; fileEncoding = 4; lastKnownFileType = sourcecode.c.objc; name = Photo.m; path = ../Photo.m; sourceTree = "<group>"; };
		09EF3A041219E2050053E9CA /* TreeCrown.h */ = {isa = PBXFileReference; fileEncoding = 4; lastKnownFileType = sourcecode.c.h; name = TreeCrown.h; path = ../TreeCrown.h; sourceTree = "<group>"; };
		09EF3A051219E2050053E9CA /* TreeCrown.m */ = {isa = PBXFileReference; fileEncoding = 4; lastKnownFileType = sourcecode.c.objc; name = TreeCrown.m; path = ../TreeCrown.m; sourceTree = "<group>"; };
		09EF3A061219E2050053E9CA /* Assessment.h */ = {isa = PBXFileReference; fileEncoding = 4; lastKnownFileType = sourcecode.c.h; name = Assessment.h; path = ../Assessment.h; sourceTree = "<group>"; };
		09EF3A071219E2050053E9CA /* Assessment.m */ = {isa = PBXFileReference; fileEncoding = 4; lastKnownFileType = sourcecode.c.objc; name = Assessment.m; path = ../Assessment.m; sourceTree = "<group>"; };
		09EF3A081219E2050053E9CA /* TreeRootsCondition.h */ = {isa = PBXFileReference; fileEncoding = 4; lastKnownFileType = sourcecode.c.h; name = TreeRootsCondition.h; path = ../TreeRootsCondition.h; sourceTree = "<group>"; };
		09EF3A091219E2050053E9CA /* TreeRootsCondition.m */ = {isa = PBXFileReference; fileEncoding = 4; lastKnownFileType = sourcecode.c.objc; name = TreeRootsCondition.m; path = ../TreeRootsCondition.m; sourceTree = "<group>"; };
		09F0D0DC1207199F00BD9631 /* AssessmentTableViewCell.xib */ = {isa = PBXFileReference; lastKnownFileType = file.xib; path = AssessmentTableViewCell.xib; sourceTree = "<group>"; };
		09F0D133120722F800BD9631 /* AssessmentTreeViewAndInputController.h */ = {isa = PBXFileReference; fileEncoding = 4; lastKnownFileType = sourcecode.c.h; path = AssessmentTreeViewAndInputController.h; sourceTree = "<group>"; };
		09F0D134120722F800BD9631 /* AssessmentTreeViewAndInputController.m */ = {isa = PBXFileReference; fileEncoding = 4; lastKnownFileType = sourcecode.c.objc; path = AssessmentTreeViewAndInputController.m; sourceTree = "<group>"; };
		09F0D135120722F800BD9631 /* AssessmentTreeViewAndInput.xib */ = {isa = PBXFileReference; lastKnownFileType = file.xib; name = AssessmentTreeViewAndInput.xib; path = Classes/AssessmentTreeViewAndInput.xib; sourceTree = "<group>"; };
		09F2955C1214417500783F36 /* icon_trash.png */ = {isa = PBXFileReference; lastKnownFileType = image.png; path = icon_trash.png; sourceTree = "<group>"; };
		09F2955D1214417500783F36 /* notes_100.png */ = {isa = PBXFileReference; lastKnownFileType = image.png; path = notes_100.png; sourceTree = "<group>"; };
		09F29BD51215A2FB00783F36 /* button-notdone.png */ = {isa = PBXFileReference; lastKnownFileType = image.png; path = "button-notdone.png"; sourceTree = "<group>"; };
		1429CE9012135575007F912D /* ReadMe.txt */ = {isa = PBXFileReference; fileEncoding = 4; lastKnownFileType = text; path = ReadMe.txt; sourceTree = "<group>"; };
		14327C1B12138D280087D958 /* parks-57.png */ = {isa = PBXFileReference; lastKnownFileType = image.png; path = "parks-57.png"; sourceTree = "<group>"; };
		14327C1D12138E890087D958 /* wildlife-57.png */ = {isa = PBXFileReference; lastKnownFileType = image.png; path = "wildlife-57.png"; sourceTree = "<group>"; };
		1440243011FDE545000F936D /* Default.png */ = {isa = PBXFileReference; lastKnownFileType = image.png; path = Default.png; sourceTree = "<group>"; };
		1440243B11FDE545000F936D /* Icon_128.png */ = {isa = PBXFileReference; lastKnownFileType = image.png; path = Icon_128.png; sourceTree = "<group>"; };
		1440243C11FDE545000F936D /* Icon_256.png */ = {isa = PBXFileReference; lastKnownFileType = image.png; path = Icon_256.png; sourceTree = "<group>"; };
		1464EB76120AC64600F21DCE /* archeologist-57.png */ = {isa = PBXFileReference; lastKnownFileType = image.png; path = "archeologist-57.png"; sourceTree = "<group>"; };
		1464EB77120AC64600F21DCE /* structures-57.png */ = {isa = PBXFileReference; lastKnownFileType = image.png; path = "structures-57.png"; sourceTree = "<group>"; };
		1464EB78120AC64600F21DCE /* assessments-57.png */ = {isa = PBXFileReference; lastKnownFileType = image.png; path = "assessments-57.png"; sourceTree = "<group>"; };
		1464EB79120AC64600F21DCE /* cemetery-57.png */ = {isa = PBXFileReference; lastKnownFileType = image.png; path = "cemetery-57.png"; sourceTree = "<group>"; };
		1464EB7A120AC64600F21DCE /* inventory-57.png */ = {isa = PBXFileReference; lastKnownFileType = image.png; path = "inventory-57.png"; sourceTree = "<group>"; };
		1464EB7C120AC64600F21DCE /* maps-57.png */ = {isa = PBXFileReference; lastKnownFileType = image.png; path = "maps-57.png"; sourceTree = "<group>"; };
		1464EB7D120AC64600F21DCE /* ncptt-57.png */ = {isa = PBXFileReference; lastKnownFileType = image.png; path = "ncptt-57.png"; sourceTree = "<group>"; };
		1464EB7E120AC64600F21DCE /* photos-57.png */ = {isa = PBXFileReference; lastKnownFileType = image.png; path = "photos-57.png"; sourceTree = "<group>"; };
		1464EB7F120AC64600F21DCE /* settings-57.png */ = {isa = PBXFileReference; lastKnownFileType = image.png; path = "settings-57.png"; sourceTree = "<group>"; };
		1464EB80120AC64600F21DCE /* tasks-57.png */ = {isa = PBXFileReference; lastKnownFileType = image.png; path = "tasks-57.png"; sourceTree = "<group>"; };
		1464EB81120AC64600F21DCE /* vegetation-57.png */ = {isa = PBXFileReference; lastKnownFileType = image.png; path = "vegetation-57.png"; sourceTree = "<group>"; };
		14C23D231214DEBD00AA2678 /* tree-57.png */ = {isa = PBXFileReference; lastKnownFileType = image.png; path = "tree-57.png"; sourceTree = "<group>"; };
		14C23D291214E4E900AA2678 /* NPS-57.png */ = {isa = PBXFileReference; lastKnownFileType = image.png; path = "NPS-57.png"; sourceTree = "<group>"; };
		14C23DD41214F05600AA2678 /* edit_50.png */ = {isa = PBXFileReference; lastKnownFileType = image.png; path = edit_50.png; sourceTree = "<group>"; };
		14DCC6C111FDE35500A98045 /* CoreLocation.framework */ = {isa = PBXFileReference; lastKnownFileType = wrapper.framework; name = CoreLocation.framework; path = /System/Library/Frameworks/CoreLocation.framework; sourceTree = "<absolute>"; };
		14E30BB91211E9C70058C7C6 /* landscapes-57.png */ = {isa = PBXFileReference; lastKnownFileType = image.png; path = "landscapes-57.png"; sourceTree = "<group>"; };
		14EBCDA811FE195700F36458 /* LauncherViewController.h */ = {isa = PBXFileReference; fileEncoding = 4; lastKnownFileType = sourcecode.c.h; path = LauncherViewController.h; sourceTree = "<group>"; };
		14EBCDA911FE195700F36458 /* LauncherViewController.m */ = {isa = PBXFileReference; fileEncoding = 4; lastKnownFileType = sourcecode.c.objc; path = LauncherViewController.m; sourceTree = "<group>"; };
		1D30AB110D05D00D00671497 /* Foundation.framework */ = {isa = PBXFileReference; lastKnownFileType = wrapper.framework; name = Foundation.framework; path = System/Library/Frameworks/Foundation.framework; sourceTree = SDKROOT; };
		1D6058910D05DD3D006BFB54 /* landscapes.app */ = {isa = PBXFileReference; explicitFileType = wrapper.application; includeInIndex = 0; path = landscapes.app; sourceTree = BUILT_PRODUCTS_DIR; };
		1DF5F4DF0D08C38300B7A737 /* UIKit.framework */ = {isa = PBXFileReference; lastKnownFileType = wrapper.framework; name = UIKit.framework; path = System/Library/Frameworks/UIKit.framework; sourceTree = SDKROOT; };
		288765A40DF7441C002DB57D /* CoreGraphics.framework */ = {isa = PBXFileReference; lastKnownFileType = wrapper.framework; name = CoreGraphics.framework; path = System/Library/Frameworks/CoreGraphics.framework; sourceTree = SDKROOT; };
		28D801B30F44B63D00FB423F /* CoreData.framework */ = {isa = PBXFileReference; lastKnownFileType = wrapper.framework; name = CoreData.framework; path = System/Library/Frameworks/CoreData.framework; sourceTree = SDKROOT; };
		29B97316FDCFA39411CA2CEA /* main.m */ = {isa = PBXFileReference; fileEncoding = 4; lastKnownFileType = sourcecode.c.objc; path = main.m; sourceTree = "<group>"; };
		32CA4F630368D1EE00C91783 /* landscapes_Prefix.pch */ = {isa = PBXFileReference; fileEncoding = 4; lastKnownFileType = sourcecode.c.h; path = landscapes_Prefix.pch; sourceTree = "<group>"; };
		6E37971011B9BDB60011C497 /* Three20Core.xcodeproj */ = {isa = PBXFileReference; lastKnownFileType = "wrapper.pb-project"; name = Three20Core.xcodeproj; path = ../three20/src/Three20Core/Three20Core.xcodeproj; sourceTree = SOURCE_ROOT; };
		6E37971311B9BDB60011C497 /* Three20Network.xcodeproj */ = {isa = PBXFileReference; lastKnownFileType = "wrapper.pb-project"; name = Three20Network.xcodeproj; path = ../three20/src/Three20Network/Three20Network.xcodeproj; sourceTree = SOURCE_ROOT; };
		6E37971611B9BDB60011C497 /* Three20Style.xcodeproj */ = {isa = PBXFileReference; lastKnownFileType = "wrapper.pb-project"; name = Three20Style.xcodeproj; path = ../three20/src/Three20Style/Three20Style.xcodeproj; sourceTree = SOURCE_ROOT; };
		6E37971911B9BDB60011C497 /* Three20UICommon.xcodeproj */ = {isa = PBXFileReference; lastKnownFileType = "wrapper.pb-project"; name = Three20UICommon.xcodeproj; path = ../three20/src/Three20UICommon/Three20UICommon.xcodeproj; sourceTree = SOURCE_ROOT; };
		6E37971C11B9BDB60011C497 /* Three20UINavigator.xcodeproj */ = {isa = PBXFileReference; lastKnownFileType = "wrapper.pb-project"; name = Three20UINavigator.xcodeproj; path = ../three20/src/Three20UINavigator/Three20UINavigator.xcodeproj; sourceTree = SOURCE_ROOT; };
		6E37971F11B9BDB60011C497 /* Three20UI.xcodeproj */ = {isa = PBXFileReference; lastKnownFileType = "wrapper.pb-project"; name = Three20UI.xcodeproj; path = ../three20/src/Three20UI/Three20UI.xcodeproj; sourceTree = SOURCE_ROOT; };
		6EF963BD118E96C9003902E7 /* Three20.xcodeproj */ = {isa = PBXFileReference; lastKnownFileType = "wrapper.pb-project"; name = Three20.xcodeproj; path = ../three20/src/Three20/Three20.xcodeproj; sourceTree = SOURCE_ROOT; };
		8D1107310486CEB800E47090 /* landscapes-Info.plist */ = {isa = PBXFileReference; fileEncoding = 4; lastKnownFileType = text.plist.xml; path = "landscapes-Info.plist"; sourceTree = "<group>"; };
		EB383C0410BBF8A40000B2D2 /* AppDelegate.h */ = {isa = PBXFileReference; fileEncoding = 4; lastKnownFileType = sourcecode.c.h; name = AppDelegate.h; path = Classes/AppDelegate.h; sourceTree = SOURCE_ROOT; };
		EB383C0510BBF8A40000B2D2 /* AppDelegate.m */ = {isa = PBXFileReference; fileEncoding = 4; lastKnownFileType = sourcecode.c.objc; name = AppDelegate.m; path = Classes/AppDelegate.m; sourceTree = SOURCE_ROOT; };
		EB383C1310BBF8C70000B2D2 /* QuartzCore.framework */ = {isa = PBXFileReference; lastKnownFileType = wrapper.framework; name = QuartzCore.framework; path = System/Library/Frameworks/QuartzCore.framework; sourceTree = SDKROOT; };
		EB383D1010BBFC630000B2D2 /* Three20.bundle */ = {isa = PBXFileReference; lastKnownFileType = "wrapper.plug-in"; name = Three20.bundle; path = ../three20/src/Three20.bundle; sourceTree = SOURCE_ROOT; };
/* End PBXFileReference section */

/* Begin PBXFrameworksBuildPhase section */
		1D60588F0D05DD3D006BFB54 /* Frameworks */ = {
			isa = PBXFrameworksBuildPhase;
			buildActionMask = 2147483647;
			files = (
				1D60589F0D05DD5A006BFB54 /* Foundation.framework in Frameworks */,
				1DF5F4E00D08C38300B7A737 /* UIKit.framework in Frameworks */,
				288765A50DF7441C002DB57D /* CoreGraphics.framework in Frameworks */,
				28D801B40F44B63D00FB423F /* CoreData.framework in Frameworks */,
				EB383C1410BBF8C70000B2D2 /* QuartzCore.framework in Frameworks */,
				6EF963EC118E96CC003902E7 /* libThree20.a in Frameworks */,
				6E37974911B9BDCB0011C497 /* libThree20Core.a in Frameworks */,
				6E37974A11B9BDCB0011C497 /* libThree20Network.a in Frameworks */,
				6E37974B11B9BDCC0011C497 /* libThree20Style.a in Frameworks */,
				6E37974C11B9BDCC0011C497 /* libThree20UI.a in Frameworks */,
				6E37974D11B9BDCC0011C497 /* libThree20UICommon.a in Frameworks */,
				6E37974E11B9BDCD0011C497 /* libThree20UINavigator.a in Frameworks */,
				14DCC6C211FDE35500A98045 /* CoreLocation.framework in Frameworks */,
			);
			runOnlyForDeploymentPostprocessing = 0;
		};
/* End PBXFrameworksBuildPhase section */

/* Begin PBXGroup section */
		080E96DDFE201D6D7F000001 /* Classes */ = {
			isa = PBXGroup;
			children = (
				09AED84111FF2EF40040A385 /* Models */,
				09AED84311FF2F040040A385 /* Controllers */,
				09AED84211FF2EFC0040A385 /* Views */,
				EB383C0410BBF8A40000B2D2 /* AppDelegate.h */,
				EB383C0510BBF8A40000B2D2 /* AppDelegate.m */,
			);
			path = Classes;
			sourceTree = "<group>";
		};
		091E33AE12086B8E0046784A /* Assessments */ = {
			isa = PBXGroup;
			children = (
				09AED83E11FF29760040A385 /* AssessmentTableViewCell.h */,
				09AED83F11FF29760040A385 /* AssessmentTableViewCell.m */,
				09AED7DD11FE4A820040A385 /* AssessmentTableViewController.h */,
				09AED7DE11FE4A820040A385 /* AssessmentTableViewController.m */,
				091E33AF12086B940046784A /* AssessmentTree */,
			);
			name = Assessments;
			sourceTree = "<group>";
		};
		091E33AF12086B940046784A /* AssessmentTree */ = {
			isa = PBXGroup;
			children = (
				09F0D133120722F800BD9631 /* AssessmentTreeViewAndInputController.h */,
				09F0D134120722F800BD9631 /* AssessmentTreeViewAndInputController.m */,
				091E33A512086B5E0046784A /* AssessmentTreeCRViewController.h */,
				091E33A612086B5E0046784A /* AssessmentTreeCRViewController.m */,
			);
			name = AssessmentTree;
			sourceTree = "<group>";
		};
		09AED84111FF2EF40040A385 /* Models */ = {
			isa = PBXGroup;
			children = (
				09F2937F121336BC00783F36 /* Not Generated */,
				09EF39DA1219E2050053E9CA /* TreeRootFlareRecommendation.h */,
				09EF39DB1219E2050053E9CA /* TreeRootFlareRecommendation.m */,
				09EF39DC1219E2050053E9CA /* TreeRoots.h */,
				09EF39DD1219E2050053E9CA /* TreeRoots.m */,
				09EF39DE1219E2050053E9CA /* TreeFormCondition.h */,
				09EF39DF1219E2050053E9CA /* TreeFormCondition.m */,
				09EF39E01219E2050053E9CA /* TreeCrownRecommendation.h */,
				09EF39E11219E2050053E9CA /* TreeCrownRecommendation.m */,
				09EF39E21219E2050053E9CA /* Image.h */,
				09EF39E31219E2050053E9CA /* Image.m */,
				09EF39E41219E2050053E9CA /* AssessmentType.h */,
				09EF39E51219E2050053E9CA /* AssessmentType.m */,
				09EF39E61219E2050053E9CA /* TreeTrunk.h */,
				09EF39E71219E2050053E9CA /* TreeTrunk.m */,
				09EF39E81219E2050053E9CA /* TreeRootsRecommendation.h */,
				09EF39E91219E2050053E9CA /* TreeRootsRecommendation.m */,
				09EF39EA1219E2050053E9CA /* TreeOverall.h */,
				09EF39EB1219E2050053E9CA /* TreeOverall.m */,
				09EF39EC1219E2050053E9CA /* TreeOverallRecommendation.h */,
				09EF39ED1219E2050053E9CA /* TreeOverallRecommendation.m */,
				09EF39EE1219E2050053E9CA /* TreeOverallCondition.h */,
				09EF39EF1219E2050053E9CA /* TreeOverallCondition.m */,
				09EF39F01219E2050053E9CA /* AssessmentTree.h */,
				09EF39F11219E2050053E9CA /* AssessmentTree.m */,
				09EF39F21219E2050053E9CA /* TreeFormRecommendation.h */,
				09EF39F31219E2050053E9CA /* TreeFormRecommendation.m */,
				09EF39F41219E2050053E9CA /* TreeForm.h */,
				09EF39F51219E2050053E9CA /* TreeForm.m */,
				09EF39F61219E2050053E9CA /* TreeRootFlare.h */,
				09EF39F71219E2050053E9CA /* TreeRootFlare.m */,
				09EF39F81219E2050053E9CA /* TreeTrunkCondition.h */,
				09EF39F91219E2050053E9CA /* TreeTrunkCondition.m */,
				09EF39FA1219E2050053E9CA /* TreeTrunkRecommendation.h */,
				09EF39FB1219E2050053E9CA /* TreeTrunkRecommendation.m */,
				09EF39FC1219E2050053E9CA /* TreeRootFlareCondition.h */,
				09EF39FD1219E2050053E9CA /* TreeRootFlareCondition.m */,
				09EF39FE1219E2050053E9CA /* TreeCrownCondition.h */,
				09EF39FF1219E2050053E9CA /* TreeCrownCondition.m */,
				09EF3A001219E2050053E9CA /* Landscape.h */,
				09EF3A011219E2050053E9CA /* Landscape.m */,
				09EF3A021219E2050053E9CA /* Photo.h */,
				09EF3A031219E2050053E9CA /* Photo.m */,
				09EF3A041219E2050053E9CA /* TreeCrown.h */,
				09EF3A051219E2050053E9CA /* TreeCrown.m */,
				09EF3A061219E2050053E9CA /* Assessment.h */,
				09EF3A071219E2050053E9CA /* Assessment.m */,
				09EF3A081219E2050053E9CA /* TreeRootsCondition.h */,
				09EF3A091219E2050053E9CA /* TreeRootsCondition.m */,
			);
			name = Models;
			sourceTree = "<group>";
		};
		09AED84211FF2EFC0040A385 /* Views */ = {
			isa = PBXGroup;
			children = (
			);
			name = Views;
			sourceTree = "<group>";
		};
		09AED84311FF2F040040A385 /* Controllers */ = {
			isa = PBXGroup;
			children = (
				14C23D1E1214DD1400AA2678 /* Photos */,
				14EBA2D81214CA1E00B995EF /* Landscapes */,
				091E33AE12086B8E0046784A /* Assessments */,
				14EBCDA811FE195700F36458 /* LauncherViewController.h */,
				14EBCDA911FE195700F36458 /* LauncherViewController.m */,
			);
			name = Controllers;
			sourceTree = "<group>";
		};
		09F2937F121336BC00783F36 /* Not Generated */ = {
			isa = PBXGroup;
			children = (
				094634491210A81900773E50 /* PhotoSet.h */,
				0946344A1210A81900773E50 /* PhotoSet.m */,
				094634441210A7A700773E50 /* DisplayPhoto.h */,
				094634451210A7A700773E50 /* DisplayPhoto.m */,
			);
			name = "Not Generated";
			sourceTree = "<group>";
		};
		1440242C11FDE524000F936D /* images */ = {
			isa = PBXGroup;
			children = (
				09F29BD51215A2FB00783F36 /* button-notdone.png */,
				14C23DD41214F05600AA2678 /* edit_50.png */,
				14C23D291214E4E900AA2678 /* NPS-57.png */,
				14C23D231214DEBD00AA2678 /* tree-57.png */,
				09F2955C1214417500783F36 /* icon_trash.png */,
				09F2955D1214417500783F36 /* notes_100.png */,
				14327C1D12138E890087D958 /* wildlife-57.png */,
				14327C1B12138D280087D958 /* parks-57.png */,
				14E30BB91211E9C70058C7C6 /* landscapes-57.png */,
				09462F9F120C5C1800773E50 /* photo_camera_29.png */,
				1464EB76120AC64600F21DCE /* archeologist-57.png */,
				1464EB77120AC64600F21DCE /* structures-57.png */,
				1464EB78120AC64600F21DCE /* assessments-57.png */,
				1464EB79120AC64600F21DCE /* cemetery-57.png */,
				1464EB7A120AC64600F21DCE /* inventory-57.png */,
				1464EB7C120AC64600F21DCE /* maps-57.png */,
				1464EB7D120AC64600F21DCE /* ncptt-57.png */,
				1464EB7E120AC64600F21DCE /* photos-57.png */,
				1464EB7F120AC64600F21DCE /* settings-57.png */,
				1464EB80120AC64600F21DCE /* tasks-57.png */,
				1464EB81120AC64600F21DCE /* vegetation-57.png */,
				091E39181209C9BD0046784A /* delete_50.png */,
				091E377A1208CADE0046784A /* add_50.png */,
				091E33661208622B0046784A /* button-default.png */,
				091E334412085DF00046784A /* Tree-Assessment-280x295.png */,
				091E33061207722F0046784A /* Tree-Assessment-113x120.png */,
				1440243011FDE545000F936D /* Default.png */,
				1440243B11FDE545000F936D /* Icon_128.png */,
				1440243C11FDE545000F936D /* Icon_256.png */,
			);
			name = images;
			sourceTree = "<group>";
		};
		14C23D1E1214DD1400AA2678 /* Photos */ = {
			isa = PBXGroup;
			children = (
				0946344E1210A86500773E50 /* PhotoViewController.h */,
				0946344F1210A86500773E50 /* PhotoViewController.m */,
			);
			name = Photos;
			sourceTree = "<group>";
		};
		14EBA2D81214CA1E00B995EF /* Landscapes */ = {
			isa = PBXGroup;
			children = (
			);
			name = Landscapes;
			sourceTree = "<group>";
		};
		19C28FACFE9D520D11CA2CBB /* Products */ = {
			isa = PBXGroup;
			children = (
				1D6058910D05DD3D006BFB54 /* landscapes.app */,
			);
			name = Products;
			sourceTree = "<group>";
		};
		29B97314FDCFA39411CA2CEA /* CustomTemplate */ = {
			isa = PBXGroup;
			children = (
				1429CE9012135575007F912D /* ReadMe.txt */,
				1440242C11FDE524000F936D /* images */,
				080E96DDFE201D6D7F000001 /* Classes */,
				29B97315FDCFA39411CA2CEA /* Other Sources */,
				29B97317FDCFA39411CA2CEA /* Resources */,
				6EF963BC118E96B7003902E7 /* Dependencies */,
				29B97323FDCFA39411CA2CEA /* Frameworks */,
				19C28FACFE9D520D11CA2CBB /* Products */,
			);
			name = CustomTemplate;
			sourceTree = "<group>";
		};
		29B97315FDCFA39411CA2CEA /* Other Sources */ = {
			isa = PBXGroup;
			children = (
				32CA4F630368D1EE00C91783 /* landscapes_Prefix.pch */,
				29B97316FDCFA39411CA2CEA /* main.m */,
			);
			name = "Other Sources";
			sourceTree = "<group>";
		};
		29B97317FDCFA39411CA2CEA /* Resources */ = {
			isa = PBXGroup;
			children = (
				09EF39D61219E1EE0053E9CA /* landscapes.xcdatamodel */,
				091E33A712086B5E0046784A /* AssessmentTreeCRView.xib */,
				09F0D135120722F800BD9631 /* AssessmentTreeViewAndInput.xib */,
				09AED7DF11FE4A820040A385 /* AssessmentTableView.xib */,
				09F0D0DC1207199F00BD9631 /* AssessmentTableViewCell.xib */,
				EB383D1010BBFC630000B2D2 /* Three20.bundle */,
				8D1107310486CEB800E47090 /* landscapes-Info.plist */,
			);
			name = Resources;
			sourceTree = "<group>";
		};
		29B97323FDCFA39411CA2CEA /* Frameworks */ = {
			isa = PBXGroup;
			children = (
				14DCC6C111FDE35500A98045 /* CoreLocation.framework */,
				1DF5F4DF0D08C38300B7A737 /* UIKit.framework */,
				1D30AB110D05D00D00671497 /* Foundation.framework */,
				288765A40DF7441C002DB57D /* CoreGraphics.framework */,
				28D801B30F44B63D00FB423F /* CoreData.framework */,
				EB383C1310BBF8C70000B2D2 /* QuartzCore.framework */,
			);
			name = Frameworks;
			sourceTree = "<group>";
		};
		6E37971111B9BDB60011C497 /* Products */ = {
			isa = PBXGroup;
			children = (
				6E37972511B9BDB60011C497 /* libThree20Core.a */,
				6E37972711B9BDB60011C497 /* CoreUnitTests.octest */,
			);
			name = Products;
			sourceTree = "<group>";
		};
		6E37971411B9BDB60011C497 /* Products */ = {
			isa = PBXGroup;
			children = (
				6E37972B11B9BDB60011C497 /* libThree20Network.a */,
				6E37972D11B9BDB60011C497 /* UnitTests.octest */,
			);
			name = Products;
			sourceTree = "<group>";
		};
		6E37971711B9BDB60011C497 /* Products */ = {
			isa = PBXGroup;
			children = (
				6E37973111B9BDB60011C497 /* libThree20Style.a */,
				6E37973311B9BDB60011C497 /* UnitTests.octest */,
			);
			name = Products;
			sourceTree = "<group>";
		};
		6E37971A11B9BDB60011C497 /* Products */ = {
			isa = PBXGroup;
			children = (
				6E37973711B9BDB60011C497 /* libThree20UICommon.a */,
				6E37973911B9BDB60011C497 /* UnitTests.octest */,
			);
			name = Products;
			sourceTree = "<group>";
		};
		6E37971D11B9BDB60011C497 /* Products */ = {
			isa = PBXGroup;
			children = (
				6E37973D11B9BDB60011C497 /* libThree20UINavigator.a */,
				6E37973F11B9BDB60011C497 /* UnitTests.octest */,
			);
			name = Products;
			sourceTree = "<group>";
		};
		6E37972011B9BDB60011C497 /* Products */ = {
			isa = PBXGroup;
			children = (
				6E37974311B9BDB60011C497 /* libThree20UI.a */,
				6E37974511B9BDB60011C497 /* UnitTests.octest */,
			);
			name = Products;
			sourceTree = "<group>";
		};
		6E37974711B9BDB80011C497 /* Three20 */ = {
			isa = PBXGroup;
			children = (
				6E37971011B9BDB60011C497 /* Three20Core.xcodeproj */,
				6E37971311B9BDB60011C497 /* Three20Network.xcodeproj */,
				6E37971611B9BDB60011C497 /* Three20Style.xcodeproj */,
				6E37971911B9BDB60011C497 /* Three20UICommon.xcodeproj */,
				6E37971C11B9BDB60011C497 /* Three20UINavigator.xcodeproj */,
				6E37971F11B9BDB60011C497 /* Three20UI.xcodeproj */,
				6EF963BD118E96C9003902E7 /* Three20.xcodeproj */,
			);
			name = Three20;
			sourceTree = "<group>";
		};
		6E37974811B9BDC10011C497 /* Three20 Extensions */ = {
			isa = PBXGroup;
			children = (
			);
			name = "Three20 Extensions";
			sourceTree = "<group>";
		};
		6EF963BC118E96B7003902E7 /* Dependencies */ = {
			isa = PBXGroup;
			children = (
				6E37974711B9BDB80011C497 /* Three20 */,
				6E37974811B9BDC10011C497 /* Three20 Extensions */,
			);
			name = Dependencies;
			sourceTree = "<group>";
		};
		6EF963BE118E96C9003902E7 /* Products */ = {
			isa = PBXGroup;
			children = (
				6EF963E9118E96CA003902E7 /* libThree20.a */,
				6EF963EB118E96CA003902E7 /* UnitTests.octest */,
			);
			name = Products;
			sourceTree = "<group>";
		};
/* End PBXGroup section */

/* Begin PBXNativeTarget section */
		1D6058900D05DD3D006BFB54 /* landscapes */ = {
			isa = PBXNativeTarget;
			buildConfigurationList = 1D6058960D05DD3E006BFB54 /* Build configuration list for PBXNativeTarget "landscapes" */;
			buildPhases = (
				1D60588D0D05DD3D006BFB54 /* Resources */,
				1D60588E0D05DD3D006BFB54 /* Sources */,
				1D60588F0D05DD3D006BFB54 /* Frameworks */,
			);
			buildRules = (
			);
			dependencies = (
				6EF963EE118E96CF003902E7 /* PBXTargetDependency */,
				6E37975011B9BDD70011C497 /* PBXTargetDependency */,
				6E37975211B9BDD70011C497 /* PBXTargetDependency */,
				6E37975411B9BDD70011C497 /* PBXTargetDependency */,
				6E37975611B9BDD70011C497 /* PBXTargetDependency */,
				6E37975811B9BDD70011C497 /* PBXTargetDependency */,
				6E37975A11B9BDD70011C497 /* PBXTargetDependency */,
			);
			name = landscapes;
			productName = landscapes;
			productReference = 1D6058910D05DD3D006BFB54 /* landscapes.app */;
			productType = "com.apple.product-type.application";
		};
/* End PBXNativeTarget section */

/* Begin PBXProject section */
		29B97313FDCFA39411CA2CEA /* Project object */ = {
			isa = PBXProject;
			buildConfigurationList = C01FCF4E08A954540054247B /* Build configuration list for PBXProject "landscapes" */;
			compatibilityVersion = "Xcode 3.1";
			hasScannedForEncodings = 1;
			knownRegions = (
				English,
				Japanese,
				French,
				German,
			);
			mainGroup = 29B97314FDCFA39411CA2CEA /* CustomTemplate */;
			projectDirPath = "";
			projectReferences = (
				{
					ProductGroup = 6EF963BE118E96C9003902E7 /* Products */;
					ProjectRef = 6EF963BD118E96C9003902E7 /* Three20.xcodeproj */;
				},
				{
					ProductGroup = 6E37971111B9BDB60011C497 /* Products */;
					ProjectRef = 6E37971011B9BDB60011C497 /* Three20Core.xcodeproj */;
				},
				{
					ProductGroup = 6E37971411B9BDB60011C497 /* Products */;
					ProjectRef = 6E37971311B9BDB60011C497 /* Three20Network.xcodeproj */;
				},
				{
					ProductGroup = 6E37971711B9BDB60011C497 /* Products */;
					ProjectRef = 6E37971611B9BDB60011C497 /* Three20Style.xcodeproj */;
				},
				{
					ProductGroup = 6E37972011B9BDB60011C497 /* Products */;
					ProjectRef = 6E37971F11B9BDB60011C497 /* Three20UI.xcodeproj */;
				},
				{
					ProductGroup = 6E37971A11B9BDB60011C497 /* Products */;
					ProjectRef = 6E37971911B9BDB60011C497 /* Three20UICommon.xcodeproj */;
				},
				{
					ProductGroup = 6E37971D11B9BDB60011C497 /* Products */;
					ProjectRef = 6E37971C11B9BDB60011C497 /* Three20UINavigator.xcodeproj */;
				},
			);
			projectRoot = "";
			targets = (
				1D6058900D05DD3D006BFB54 /* landscapes */,
			);
		};
/* End PBXProject section */

/* Begin PBXReferenceProxy section */
		6E37972511B9BDB60011C497 /* libThree20Core.a */ = {
			isa = PBXReferenceProxy;
			fileType = archive.ar;
			path = libThree20Core.a;
			remoteRef = 6E37972411B9BDB60011C497 /* PBXContainerItemProxy */;
			sourceTree = BUILT_PRODUCTS_DIR;
		};
		6E37972711B9BDB60011C497 /* CoreUnitTests.octest */ = {
			isa = PBXReferenceProxy;
			fileType = wrapper.cfbundle;
			path = CoreUnitTests.octest;
			remoteRef = 6E37972611B9BDB60011C497 /* PBXContainerItemProxy */;
			sourceTree = BUILT_PRODUCTS_DIR;
		};
		6E37972B11B9BDB60011C497 /* libThree20Network.a */ = {
			isa = PBXReferenceProxy;
			fileType = archive.ar;
			path = libThree20Network.a;
			remoteRef = 6E37972A11B9BDB60011C497 /* PBXContainerItemProxy */;
			sourceTree = BUILT_PRODUCTS_DIR;
		};
		6E37972D11B9BDB60011C497 /* UnitTests.octest */ = {
			isa = PBXReferenceProxy;
			fileType = wrapper.cfbundle;
			path = UnitTests.octest;
			remoteRef = 6E37972C11B9BDB60011C497 /* PBXContainerItemProxy */;
			sourceTree = BUILT_PRODUCTS_DIR;
		};
		6E37973111B9BDB60011C497 /* libThree20Style.a */ = {
			isa = PBXReferenceProxy;
			fileType = archive.ar;
			path = libThree20Style.a;
			remoteRef = 6E37973011B9BDB60011C497 /* PBXContainerItemProxy */;
			sourceTree = BUILT_PRODUCTS_DIR;
		};
		6E37973311B9BDB60011C497 /* UnitTests.octest */ = {
			isa = PBXReferenceProxy;
			fileType = wrapper.cfbundle;
			path = UnitTests.octest;
			remoteRef = 6E37973211B9BDB60011C497 /* PBXContainerItemProxy */;
			sourceTree = BUILT_PRODUCTS_DIR;
		};
		6E37973711B9BDB60011C497 /* libThree20UICommon.a */ = {
			isa = PBXReferenceProxy;
			fileType = archive.ar;
			path = libThree20UICommon.a;
			remoteRef = 6E37973611B9BDB60011C497 /* PBXContainerItemProxy */;
			sourceTree = BUILT_PRODUCTS_DIR;
		};
		6E37973911B9BDB60011C497 /* UnitTests.octest */ = {
			isa = PBXReferenceProxy;
			fileType = wrapper.cfbundle;
			path = UnitTests.octest;
			remoteRef = 6E37973811B9BDB60011C497 /* PBXContainerItemProxy */;
			sourceTree = BUILT_PRODUCTS_DIR;
		};
		6E37973D11B9BDB60011C497 /* libThree20UINavigator.a */ = {
			isa = PBXReferenceProxy;
			fileType = archive.ar;
			path = libThree20UINavigator.a;
			remoteRef = 6E37973C11B9BDB60011C497 /* PBXContainerItemProxy */;
			sourceTree = BUILT_PRODUCTS_DIR;
		};
		6E37973F11B9BDB60011C497 /* UnitTests.octest */ = {
			isa = PBXReferenceProxy;
			fileType = wrapper.cfbundle;
			path = UnitTests.octest;
			remoteRef = 6E37973E11B9BDB60011C497 /* PBXContainerItemProxy */;
			sourceTree = BUILT_PRODUCTS_DIR;
		};
		6E37974311B9BDB60011C497 /* libThree20UI.a */ = {
			isa = PBXReferenceProxy;
			fileType = archive.ar;
			path = libThree20UI.a;
			remoteRef = 6E37974211B9BDB60011C497 /* PBXContainerItemProxy */;
			sourceTree = BUILT_PRODUCTS_DIR;
		};
		6E37974511B9BDB60011C497 /* UnitTests.octest */ = {
			isa = PBXReferenceProxy;
			fileType = wrapper.cfbundle;
			path = UnitTests.octest;
			remoteRef = 6E37974411B9BDB60011C497 /* PBXContainerItemProxy */;
			sourceTree = BUILT_PRODUCTS_DIR;
		};
		6EF963E9118E96CA003902E7 /* libThree20.a */ = {
			isa = PBXReferenceProxy;
			fileType = archive.ar;
			path = libThree20.a;
			remoteRef = 6EF963E8118E96CA003902E7 /* PBXContainerItemProxy */;
			sourceTree = BUILT_PRODUCTS_DIR;
		};
		6EF963EB118E96CA003902E7 /* UnitTests.octest */ = {
			isa = PBXReferenceProxy;
			fileType = wrapper.cfbundle;
			path = UnitTests.octest;
			remoteRef = 6EF963EA118E96CA003902E7 /* PBXContainerItemProxy */;
			sourceTree = BUILT_PRODUCTS_DIR;
		};
/* End PBXReferenceProxy section */

/* Begin PBXResourcesBuildPhase section */
		1D60588D0D05DD3D006BFB54 /* Resources */ = {
			isa = PBXResourcesBuildPhase;
			buildActionMask = 2147483647;
			files = (
				EB383D1110BBFC630000B2D2 /* Three20.bundle in Resources */,
				1440243F11FDE545000F936D /* Default.png in Resources */,
				1440244A11FDE545000F936D /* Icon_128.png in Resources */,
				1440244B11FDE545000F936D /* Icon_256.png in Resources */,
				09AED7E111FE4A820040A385 /* AssessmentTableView.xib in Resources */,
				09F0D0DD1207199F00BD9631 /* AssessmentTableViewCell.xib in Resources */,
				09F0D137120722F800BD9631 /* AssessmentTreeViewAndInput.xib in Resources */,
				091E33071207722F0046784A /* Tree-Assessment-113x120.png in Resources */,
				091E334512085DF10046784A /* Tree-Assessment-280x295.png in Resources */,
				091E33671208622B0046784A /* button-default.png in Resources */,
				091E33A912086B5E0046784A /* AssessmentTreeCRView.xib in Resources */,
				091E377B1208CADE0046784A /* add_50.png in Resources */,
				091E39191209C9BD0046784A /* delete_50.png in Resources */,
				1464EB83120AC64600F21DCE /* archeologist-57.png in Resources */,
				1464EB84120AC64600F21DCE /* structures-57.png in Resources */,
				1464EB85120AC64600F21DCE /* assessments-57.png in Resources */,
				1464EB86120AC64600F21DCE /* cemetery-57.png in Resources */,
				1464EB87120AC64600F21DCE /* inventory-57.png in Resources */,
				1464EB89120AC64600F21DCE /* maps-57.png in Resources */,
				1464EB8A120AC64600F21DCE /* ncptt-57.png in Resources */,
				1464EB8B120AC64600F21DCE /* photos-57.png in Resources */,
				1464EB8C120AC64600F21DCE /* settings-57.png in Resources */,
				1464EB8D120AC64600F21DCE /* tasks-57.png in Resources */,
				1464EB8E120AC64600F21DCE /* vegetation-57.png in Resources */,
				09462FA0120C5C1800773E50 /* photo_camera_29.png in Resources */,
				14E30BBA1211E9C70058C7C6 /* landscapes-57.png in Resources */,
				1429CE9112135575007F912D /* ReadMe.txt in Resources */,
				14327C1C12138D280087D958 /* parks-57.png in Resources */,
				14327C1E12138E890087D958 /* wildlife-57.png in Resources */,
				09F2955E1214417500783F36 /* icon_trash.png in Resources */,
				09F2955F1214417500783F36 /* notes_100.png in Resources */,
				14C23D241214DEBD00AA2678 /* tree-57.png in Resources */,
				14C23D2A1214E4E900AA2678 /* NPS-57.png in Resources */,
				14C23DD51214F05600AA2678 /* edit_50.png in Resources */,
				09F29BD61215A2FB00783F36 /* button-notdone.png in Resources */,
			);
			runOnlyForDeploymentPostprocessing = 0;
		};
/* End PBXResourcesBuildPhase section */

/* Begin PBXSourcesBuildPhase section */
		1D60588E0D05DD3D006BFB54 /* Sources */ = {
			isa = PBXSourcesBuildPhase;
			buildActionMask = 2147483647;
			files = (
				1D60589B0D05DD56006BFB54 /* main.m in Sources */,
				EB383C0610BBF8A40000B2D2 /* AppDelegate.m in Sources */,
				14EBCDAA11FE195700F36458 /* LauncherViewController.m in Sources */,
				09AED7E011FE4A820040A385 /* AssessmentTableViewController.m in Sources */,
				09AED84011FF29760040A385 /* AssessmentTableViewCell.m in Sources */,
				09F0D136120722F800BD9631 /* AssessmentTreeViewAndInputController.m in Sources */,
				091E33A812086B5E0046784A /* AssessmentTreeCRViewController.m in Sources */,
				094634461210A7A700773E50 /* DisplayPhoto.m in Sources */,
				0946344B1210A81900773E50 /* PhotoSet.m in Sources */,
				094634501210A86500773E50 /* PhotoViewController.m in Sources */,
				09EF39D71219E1EE0053E9CA /* landscapes.xcdatamodel in Sources */,
				09EF3A0A1219E2050053E9CA /* TreeRootFlareRecommendation.m in Sources */,
				09EF3A0B1219E2050053E9CA /* TreeRoots.m in Sources */,
				09EF3A0C1219E2050053E9CA /* TreeFormCondition.m in Sources */,
				09EF3A0D1219E2050053E9CA /* TreeCrownRecommendation.m in Sources */,
				09EF3A0E1219E2050053E9CA /* Image.m in Sources */,
				09EF3A0F1219E2050053E9CA /* AssessmentType.m in Sources */,
				09EF3A101219E2050053E9CA /* TreeTrunk.m in Sources */,
				09EF3A111219E2050053E9CA /* TreeRootsRecommendation.m in Sources */,
				09EF3A121219E2050053E9CA /* TreeOverall.m in Sources */,
				09EF3A131219E2050053E9CA /* TreeOverallRecommendation.m in Sources */,
				09EF3A141219E2050053E9CA /* TreeOverallCondition.m in Sources */,
				09EF3A151219E2050053E9CA /* AssessmentTree.m in Sources */,
				09EF3A161219E2050053E9CA /* TreeFormRecommendation.m in Sources */,
				09EF3A171219E2050053E9CA /* TreeForm.m in Sources */,
				09EF3A181219E2050053E9CA /* TreeRootFlare.m in Sources */,
				09EF3A191219E2050053E9CA /* TreeTrunkCondition.m in Sources */,
				09EF3A1A1219E2050053E9CA /* TreeTrunkRecommendation.m in Sources */,
				09EF3A1B1219E2050053E9CA /* TreeRootFlareCondition.m in Sources */,
				09EF3A1C1219E2050053E9CA /* TreeCrownCondition.m in Sources */,
				09EF3A1D1219E2050053E9CA /* Landscape.m in Sources */,
				09EF3A1E1219E2050053E9CA /* Photo.m in Sources */,
				09EF3A1F1219E2050053E9CA /* TreeCrown.m in Sources */,
				09EF3A201219E2050053E9CA /* Assessment.m in Sources */,
				09EF3A211219E2050053E9CA /* TreeRootsCondition.m in Sources */,
			);
			runOnlyForDeploymentPostprocessing = 0;
		};
/* End PBXSourcesBuildPhase section */

/* Begin PBXTargetDependency section */
		6E37975011B9BDD70011C497 /* PBXTargetDependency */ = {
			isa = PBXTargetDependency;
			name = Three20Network;
			targetProxy = 6E37974F11B9BDD70011C497 /* PBXContainerItemProxy */;
		};
		6E37975211B9BDD70011C497 /* PBXTargetDependency */ = {
			isa = PBXTargetDependency;
			name = Three20UINavigator;
			targetProxy = 6E37975111B9BDD70011C497 /* PBXContainerItemProxy */;
		};
		6E37975411B9BDD70011C497 /* PBXTargetDependency */ = {
			isa = PBXTargetDependency;
			name = Three20UICommon;
			targetProxy = 6E37975311B9BDD70011C497 /* PBXContainerItemProxy */;
		};
		6E37975611B9BDD70011C497 /* PBXTargetDependency */ = {
			isa = PBXTargetDependency;
			name = Three20Core;
			targetProxy = 6E37975511B9BDD70011C497 /* PBXContainerItemProxy */;
		};
		6E37975811B9BDD70011C497 /* PBXTargetDependency */ = {
			isa = PBXTargetDependency;
			name = Three20Style;
			targetProxy = 6E37975711B9BDD70011C497 /* PBXContainerItemProxy */;
		};
		6E37975A11B9BDD70011C497 /* PBXTargetDependency */ = {
			isa = PBXTargetDependency;
			name = Three20UI;
			targetProxy = 6E37975911B9BDD70011C497 /* PBXContainerItemProxy */;
		};
		6EF963EE118E96CF003902E7 /* PBXTargetDependency */ = {
			isa = PBXTargetDependency;
			name = Three20;
			targetProxy = 6EF963ED118E96CF003902E7 /* PBXContainerItemProxy */;
		};
/* End PBXTargetDependency section */

/* Begin XCBuildConfiguration section */
		1D6058940D05DD3E006BFB54 /* Debug */ = {
			isa = XCBuildConfiguration;
			buildSettings = {
				ALWAYS_SEARCH_USER_PATHS = NO;
				"CODE_SIGN_IDENTITY[sdk=iphoneos*]" = "iPhone Developer";
				COPY_PHASE_STRIP = NO;
				FRAMEWORK_SEARCH_PATHS = "$(inherited)";
				GCC_DYNAMIC_NO_PIC = NO;
				GCC_OPTIMIZATION_LEVEL = 0;
				GCC_PRECOMPILE_PREFIX_HEADER = YES;
				GCC_PREFIX_HEADER = landscapes_Prefix.pch;
				HEADER_SEARCH_PATHS = ../three20/Build/Products/three20;
				INFOPLIST_FILE = "landscapes-Info.plist";
				LIBRARY_SEARCH_PATHS = (
					"$(inherited)",
					"\"$(SRCROOT)\"",
				);
				OTHER_LDFLAGS = (
					"-all_load",
					"-ObjC",
				);
				PRODUCT_NAME = landscapes;
				"PROVISIONING_PROFILE[sdk=iphoneos*]" = "";
			};
			name = Debug;
		};
		1D6058950D05DD3E006BFB54 /* Release */ = {
			isa = XCBuildConfiguration;
			buildSettings = {
				ALWAYS_SEARCH_USER_PATHS = NO;
				"CODE_SIGN_IDENTITY[sdk=iphoneos*]" = "iPhone Developer";
				COPY_PHASE_STRIP = YES;
				FRAMEWORK_SEARCH_PATHS = "$(inherited)";
				GCC_PRECOMPILE_PREFIX_HEADER = YES;
				GCC_PREFIX_HEADER = landscapes_Prefix.pch;
				HEADER_SEARCH_PATHS = ../three20/Build/Products/three20;
				INFOPLIST_FILE = "landscapes-Info.plist";
				LIBRARY_SEARCH_PATHS = (
					"$(inherited)",
					"\"$(SRCROOT)\"",
				);
				OTHER_LDFLAGS = (
					"-all_load",
					"-ObjC",
				);
				PRODUCT_NAME = landscapes;
				"PROVISIONING_PROFILE[sdk=iphoneos*]" = "";
			};
			name = Release;
		};
		C01FCF4F08A954540054247B /* Debug */ = {
			isa = XCBuildConfiguration;
			buildSettings = {
				ARCHS = "$(ARCHS_STANDARD_32_BIT)";
				"CODE_SIGN_IDENTITY[sdk=iphoneos*]" = "iPhone Developer";
				GCC_C_LANGUAGE_STANDARD = c99;
				GCC_PREPROCESSOR_DEFINITIONS = DEBUG;
				GCC_WARN_ABOUT_RETURN_TYPE = YES;
				GCC_WARN_UNUSED_VARIABLE = YES;
				OTHER_LDFLAGS = (
					"-all_load",
					"-ObjC",
				);
				PREBINDING = NO;
				SDKROOT = iphonesimulator4.0;
			};
			name = Debug;
		};
		C01FCF5008A954540054247B /* Release */ = {
			isa = XCBuildConfiguration;
			buildSettings = {
				ARCHS = "$(ARCHS_STANDARD_32_BIT)";
				"CODE_SIGN_IDENTITY[sdk=iphoneos*]" = "iPhone Developer";
				GCC_C_LANGUAGE_STANDARD = c99;
				GCC_WARN_ABOUT_RETURN_TYPE = YES;
				GCC_WARN_UNUSED_VARIABLE = YES;
				OTHER_LDFLAGS = "-ObjC";
				PREBINDING = NO;
				SDKROOT = iphonesimulator4.0;
			};
			name = Release;
		};
/* End XCBuildConfiguration section */

/* Begin XCConfigurationList section */
		1D6058960D05DD3E006BFB54 /* Build configuration list for PBXNativeTarget "landscapes" */ = {
			isa = XCConfigurationList;
			buildConfigurations = (
				1D6058940D05DD3E006BFB54 /* Debug */,
				1D6058950D05DD3E006BFB54 /* Release */,
			);
			defaultConfigurationIsVisible = 0;
			defaultConfigurationName = Release;
		};
		C01FCF4E08A954540054247B /* Build configuration list for PBXProject "landscapes" */ = {
			isa = XCConfigurationList;
			buildConfigurations = (
				C01FCF4F08A954540054247B /* Debug */,
				C01FCF5008A954540054247B /* Release */,
			);
			defaultConfigurationIsVisible = 0;
			defaultConfigurationName = Release;
		};
/* End XCConfigurationList section */
	};
	rootObject = 29B97313FDCFA39411CA2CEA /* Project object */;
}
